// !$*UTF8*$!
{
	archiveVersion = 1;
	classes = {
	};
	objectVersion = 46;
	objects = {

/* Begin PBXBuildFile section */
		1417A9B31EA70CD9003931C5 /* TUBaseTableView.swift in Sources */ = {isa = PBXBuildFile; fileRef = 1417A9B21EA70CD9003931C5 /* TUBaseTableView.swift */; };
		1417A9B51EA70CE9003931C5 /* TUBaseTableViewCell.swift in Sources */ = {isa = PBXBuildFile; fileRef = 1417A9B41EA70CE9003931C5 /* TUBaseTableViewCell.swift */; };
		1417A9DA1EA72DED003931C5 /* QQShareDelegate.swift in Sources */ = {isa = PBXBuildFile; fileRef = 1417A9B81EA72DED003931C5 /* QQShareDelegate.swift */; };
		1417A9DB1EA72DED003931C5 /* QQShareHelp.swift in Sources */ = {isa = PBXBuildFile; fileRef = 1417A9B91EA72DED003931C5 /* QQShareHelp.swift */; };
		1417A9DC1EA72DED003931C5 /* TencentOpenAPI.framework in Frameworks */ = {isa = PBXBuildFile; fileRef = 1417A9BA1EA72DED003931C5 /* TencentOpenAPI.framework */; };
		1417A9DD1EA72DED003931C5 /* TencentOpenApi_IOS_Bundle.bundle in Resources */ = {isa = PBXBuildFile; fileRef = 1417A9BB1EA72DED003931C5 /* TencentOpenApi_IOS_Bundle.bundle */; };
		1417A9DE1EA72DED003931C5 /* ShareManager.swift in Sources */ = {isa = PBXBuildFile; fileRef = 1417A9BC1EA72DED003931C5 /* ShareManager.swift */; };
		1417A9DF1EA72DED003931C5 /* libWeiboSDK.a in Frameworks */ = {isa = PBXBuildFile; fileRef = 1417A9BF1EA72DED003931C5 /* libWeiboSDK.a */; };
		1417A9E01EA72DED003931C5 /* WeiboSDK.bundle in Resources */ = {isa = PBXBuildFile; fileRef = 1417A9C81EA72DED003931C5 /* WeiboSDK.bundle */; };
		1417A9E11EA72DED003931C5 /* SinaShareDelegate.swift in Sources */ = {isa = PBXBuildFile; fileRef = 1417A9CB1EA72DED003931C5 /* SinaShareDelegate.swift */; };
		1417A9E21EA72DED003931C5 /* SinaShareHelp.swift in Sources */ = {isa = PBXBuildFile; fileRef = 1417A9CC1EA72DED003931C5 /* SinaShareHelp.swift */; };
		1417A9E31EA72DED003931C5 /* libWeChatSDK.a in Frameworks */ = {isa = PBXBuildFile; fileRef = 1417A9CF1EA72DED003931C5 /* libWeChatSDK.a */; };
		1417A9E41EA72DED003931C5 /* README.txt in Resources */ = {isa = PBXBuildFile; fileRef = 1417A9D01EA72DED003931C5 /* README.txt */; };
		1417A9E51EA72DED003931C5 /* WeiXinActivity.bundle in Resources */ = {isa = PBXBuildFile; fileRef = 1417A9D51EA72DED003931C5 /* WeiXinActivity.bundle */; };
		1417A9E61EA72DED003931C5 /* WeiXinActivity.strings in Resources */ = {isa = PBXBuildFile; fileRef = 1417A9D61EA72DED003931C5 /* WeiXinActivity.strings */; };
		1417A9E71EA72DED003931C5 /* WeiXinActivity.swift in Sources */ = {isa = PBXBuildFile; fileRef = 1417A9D71EA72DED003931C5 /* WeiXinActivity.swift */; };
		1417A9E81EA72DED003931C5 /* WeiXinshareDelegate.swift in Sources */ = {isa = PBXBuildFile; fileRef = 1417A9D81EA72DED003931C5 /* WeiXinshareDelegate.swift */; };
		1417A9E91EA72DED003931C5 /* WeiXinShareHelp.swift in Sources */ = {isa = PBXBuildFile; fileRef = 1417A9D91EA72DED003931C5 /* WeiXinShareHelp.swift */; };
		1417A9EB1EA72E16003931C5 /* libsqlite3.tbd in Frameworks */ = {isa = PBXBuildFile; fileRef = 1417A9EA1EA72E16003931C5 /* libsqlite3.tbd */; };
		1417A9ED1EA72E1F003931C5 /* libz.tbd in Frameworks */ = {isa = PBXBuildFile; fileRef = 1417A9EC1EA72E1F003931C5 /* libz.tbd */; };
		1417A9EF1EA72E33003931C5 /* libstdc++.tbd in Frameworks */ = {isa = PBXBuildFile; fileRef = 1417A9EE1EA72E33003931C5 /* libstdc++.tbd */; };
		1417A9F21EA72E78003931C5 /* UIColorExtension.swift in Sources */ = {isa = PBXBuildFile; fileRef = 1417A9F11EA72E78003931C5 /* UIColorExtension.swift */; };
		143AA8F01F989E1300E05D0F /* TUSearchBar.swift in Sources */ = {isa = PBXBuildFile; fileRef = 143AA8EF1F989E1300E05D0F /* TUSearchBar.swift */; };
		1447AF3F1FCC163E00D9D514 /* APIManager.swift in Sources */ = {isa = PBXBuildFile; fileRef = 1447AF3E1FCC163E00D9D514 /* APIManager.swift */; };
		1447AF421FCC17E200D9D514 /* MLHomeViewModel.swift in Sources */ = {isa = PBXBuildFile; fileRef = 1447AF411FCC17E200D9D514 /* MLHomeViewModel.swift */; };
		144B6A0D1EA451A70000BB1B /* TZTestCell.swift in Sources */ = {isa = PBXBuildFile; fileRef = 144B6A0C1EA451A70000BB1B /* TZTestCell.swift */; };
		1471CB271EAEF28900226C56 /* XHCustomSegue.swift in Sources */ = {isa = PBXBuildFile; fileRef = 1471CB261EAEF28900226C56 /* XHCustomSegue.swift */; };
		1471CB291EAF0B9600226C56 /* XHUploadImagesHelper.swift in Sources */ = {isa = PBXBuildFile; fileRef = 1471CB281EAF0B9600226C56 /* XHUploadImagesHelper.swift */; };
		1471CB2B1EAF2A9F00226C56 /* XHImageCompressHelper.swift in Sources */ = {isa = PBXBuildFile; fileRef = 1471CB2A1EAF2A9F00226C56 /* XHImageCompressHelper.swift */; };
		1488B5D91EA4B0E10096B0BE /* AppDelegate.swift in Sources */ = {isa = PBXBuildFile; fileRef = 1488B5D81EA4B0E10096B0BE /* AppDelegate.swift */; };
		1488B5DD1EA4B8CF0096B0BE /* Agreement.txt in Resources */ = {isa = PBXBuildFile; fileRef = 1488B5DB1EA4B8CF0096B0BE /* Agreement.txt */; };
		1488B5DE1EA4B8CF0096B0BE /* TagList.plist in Resources */ = {isa = PBXBuildFile; fileRef = 1488B5DC1EA4B8CF0096B0BE /* TagList.plist */; };
		14930D5E1FCE798400A8545B /* TUNetwork.swift in Sources */ = {isa = PBXBuildFile; fileRef = 14930D5D1FCE798400A8545B /* TUNetwork.swift */; };
		14BC8ED41EB304F700933E85 /* infoPlist.strings in Resources */ = {isa = PBXBuildFile; fileRef = 14BC8ED61EB304F700933E85 /* infoPlist.strings */; };
		14C1DA121ECE930500517155 /* MLMineFavoriteController.swift in Sources */ = {isa = PBXBuildFile; fileRef = 14C1DA111ECE930500517155 /* MLMineFavoriteController.swift */; };
		14C1DA141ECE952600517155 /* PhotoBrowser.storyboard in Resources */ = {isa = PBXBuildFile; fileRef = 14C1DA131ECE952600517155 /* PhotoBrowser.storyboard */; };
		14C1DA161ECE98AC00517155 /* MLMineCommentController.swift in Sources */ = {isa = PBXBuildFile; fileRef = 14C1DA151ECE98AC00517155 /* MLMineCommentController.swift */; };
		14C446041ECD650D0014DF0E /* XHImageGifHelper.swift in Sources */ = {isa = PBXBuildFile; fileRef = 14C446031ECD650D0014DF0E /* XHImageGifHelper.swift */; };
		14CD20991EB869E700F0B920 /* Emoji.swift in Sources */ = {isa = PBXBuildFile; fileRef = 14CD20971EB869E700F0B920 /* Emoji.swift */; };
		14CD209A1EB869E700F0B920 /* String+Emoji.swift in Sources */ = {isa = PBXBuildFile; fileRef = 14CD20981EB869E700F0B920 /* String+Emoji.swift */; };
		14CF044C1FCD0A7B0035BBC4 /* TUNetworkModelExtension.swift in Sources */ = {isa = PBXBuildFile; fileRef = 14CF044B1FCD0A7B0035BBC4 /* TUNetworkModelExtension.swift */; };
		14D6FE151E9E0DEE0038C7D1 /* Main.storyboard in Resources */ = {isa = PBXBuildFile; fileRef = 14D6FE131E9E0DEE0038C7D1 /* Main.storyboard */; };
		14D6FE171E9E0DEE0038C7D1 /* Assets.xcassets in Resources */ = {isa = PBXBuildFile; fileRef = 14D6FE161E9E0DEE0038C7D1 /* Assets.xcassets */; };
		14D6FE1A1E9E0DEE0038C7D1 /* LaunchScreen.storyboard in Resources */ = {isa = PBXBuildFile; fileRef = 14D6FE181E9E0DEE0038C7D1 /* LaunchScreen.storyboard */; };
		14D6FE821E9E0FFC0038C7D1 /* AlertExt.swift in Sources */ = {isa = PBXBuildFile; fileRef = 14D6FE241E9E0FFC0038C7D1 /* AlertExt.swift */; };
		14D6FE841E9E0FFC0038C7D1 /* error@2x.png in Resources */ = {isa = PBXBuildFile; fileRef = 14D6FE281E9E0FFC0038C7D1 /* error@2x.png */; };
		14D6FE851E9E0FFC0038C7D1 /* HUDExt.swift in Sources */ = {isa = PBXBuildFile; fileRef = 14D6FE291E9E0FFC0038C7D1 /* HUDExt.swift */; };
		14D6FE861E9E0FFC0038C7D1 /* success@2x.png in Resources */ = {isa = PBXBuildFile; fileRef = 14D6FE2A1E9E0FFC0038C7D1 /* success@2x.png */; };
		14D6FE871E9E0FFC0038C7D1 /* NormalFooterExt.swift in Sources */ = {isa = PBXBuildFile; fileRef = 14D6FE2C1E9E0FFC0038C7D1 /* NormalFooterExt.swift */; };
		14D6FE881E9E0FFC0038C7D1 /* NormalHeaderExt.swift in Sources */ = {isa = PBXBuildFile; fileRef = 14D6FE2D1E9E0FFC0038C7D1 /* NormalHeaderExt.swift */; };
		14D6FE891E9E0FFC0038C7D1 /* StringExtensions.swift in Sources */ = {isa = PBXBuildFile; fileRef = 14D6FE2F1E9E0FFC0038C7D1 /* StringExtensions.swift */; };
		14D6FE8A1E9E0FFC0038C7D1 /* UIViewBlurExt.swift in Sources */ = {isa = PBXBuildFile; fileRef = 14D6FE311E9E0FFC0038C7D1 /* UIViewBlurExt.swift */; };
		14D6FE8B1E9E0FFC0038C7D1 /* UIViewCornerExt.swift in Sources */ = {isa = PBXBuildFile; fileRef = 14D6FE321E9E0FFC0038C7D1 /* UIViewCornerExt.swift */; };
		14D6FE8C1E9E0FFC0038C7D1 /* UIViewExt.swift in Sources */ = {isa = PBXBuildFile; fileRef = 14D6FE331E9E0FFC0038C7D1 /* UIViewExt.swift */; };
		14D6FE8D1E9E0FFC0038C7D1 /* Global.swift in Sources */ = {isa = PBXBuildFile; fileRef = 14D6FE351E9E0FFC0038C7D1 /* Global.swift */; };
		14D6FE8E1E9E0FFC0038C7D1 /* ProjetGlobal.swift in Sources */ = {isa = PBXBuildFile; fileRef = 14D6FE361E9E0FFC0038C7D1 /* ProjetGlobal.swift */; };
		14D6FE8F1E9E0FFC0038C7D1 /* PhotoAlbumHelper.swift in Sources */ = {isa = PBXBuildFile; fileRef = 14D6FE381E9E0FFC0038C7D1 /* PhotoAlbumHelper.swift */; };
		14D6FE901E9E0FFC0038C7D1 /* MLLoginRequest.swift in Sources */ = {isa = PBXBuildFile; fileRef = 14D6FE3E1E9E0FFC0038C7D1 /* MLLoginRequest.swift */; };
		14D6FE911E9E0FFC0038C7D1 /* MLUserRequest.swift in Sources */ = {isa = PBXBuildFile; fileRef = 14D6FE3F1E9E0FFC0038C7D1 /* MLUserRequest.swift */; };
		14D6FE921E9E0FFC0038C7D1 /* MLDiscoverDetailRequest.swift in Sources */ = {isa = PBXBuildFile; fileRef = 14D6FE411E9E0FFC0038C7D1 /* MLDiscoverDetailRequest.swift */; };
		14D6FE931E9E0FFC0038C7D1 /* MLDiscoverRequest.swift in Sources */ = {isa = PBXBuildFile; fileRef = 14D6FE421E9E0FFC0038C7D1 /* MLDiscoverRequest.swift */; };
		14D6FE971E9E0FFC0038C7D1 /* MLHomeCommentListRequest.swift in Sources */ = {isa = PBXBuildFile; fileRef = 14D6FE471E9E0FFC0038C7D1 /* MLHomeCommentListRequest.swift */; };
		14D6FE981E9E0FFC0038C7D1 /* MLHomeCommentRequest.swift in Sources */ = {isa = PBXBuildFile; fileRef = 14D6FE481E9E0FFC0038C7D1 /* MLHomeCommentRequest.swift */; };
		14D6FE991E9E0FFC0038C7D1 /* MLHomeDetailRequest.swift in Sources */ = {isa = PBXBuildFile; fileRef = 14D6FE491E9E0FFC0038C7D1 /* MLHomeDetailRequest.swift */; };
		14D6FE9A1E9E0FFC0038C7D1 /* MLHomeFavoriteRequest.swift in Sources */ = {isa = PBXBuildFile; fileRef = 14D6FE4A1E9E0FFC0038C7D1 /* MLHomeFavoriteRequest.swift */; };
		14D6FE9B1E9E0FFC0038C7D1 /* MLLikeRequest.swift in Sources */ = {isa = PBXBuildFile; fileRef = 14D6FE4B1E9E0FFC0038C7D1 /* MLLikeRequest.swift */; };
		14D6FE9C1E9E0FFC0038C7D1 /* MLMineRequest.swift in Sources */ = {isa = PBXBuildFile; fileRef = 14D6FE4D1E9E0FFC0038C7D1 /* MLMineRequest.swift */; };
		14D6FE9D1E9E0FFC0038C7D1 /* MLBaseRequest.swift in Sources */ = {isa = PBXBuildFile; fileRef = 14D6FE4E1E9E0FFC0038C7D1 /* MLBaseRequest.swift */; };
		14D6FE9E1E9E0FFC0038C7D1 /* MLNetConfig.swift in Sources */ = {isa = PBXBuildFile; fileRef = 14D6FE4F1E9E0FFC0038C7D1 /* MLNetConfig.swift */; };
		14D6FE9F1E9E0FFC0038C7D1 /* MLRequestHelper.swift in Sources */ = {isa = PBXBuildFile; fileRef = 14D6FE501E9E0FFC0038C7D1 /* MLRequestHelper.swift */; };
		14D6FEA01E9E0FFC0038C7D1 /* MLPostTopicRequest.swift in Sources */ = {isa = PBXBuildFile; fileRef = 14D6FE521E9E0FFC0038C7D1 /* MLPostTopicRequest.swift */; };
		14D6FEA11E9E0FFC0038C7D1 /* MLSquareRequest.swift in Sources */ = {isa = PBXBuildFile; fileRef = 14D6FE531E9E0FFC0038C7D1 /* MLSquareRequest.swift */; };
		14D6FEA21E9E0FFC0038C7D1 /* MLTopicCommentListRequest.swift in Sources */ = {isa = PBXBuildFile; fileRef = 14D6FE541E9E0FFC0038C7D1 /* MLTopicCommentListRequest.swift */; };
		14D6FEA31E9E0FFC0038C7D1 /* BaseNavigationController.swift in Sources */ = {isa = PBXBuildFile; fileRef = 14D6FE571E9E0FFC0038C7D1 /* BaseNavigationController.swift */; };
		14D6FEA41E9E0FFC0038C7D1 /* BaseTabBarController.swift in Sources */ = {isa = PBXBuildFile; fileRef = 14D6FE581E9E0FFC0038C7D1 /* BaseTabBarController.swift */; };
		14D6FEA51E9E0FFC0038C7D1 /* BaseViewController.swift in Sources */ = {isa = PBXBuildFile; fileRef = 14D6FE591E9E0FFC0038C7D1 /* BaseViewController.swift */; };
		14D6FEA61E9E0FFC0038C7D1 /* BaseWebViewController.swift in Sources */ = {isa = PBXBuildFile; fileRef = 14D6FE5A1E9E0FFC0038C7D1 /* BaseWebViewController.swift */; };
		14D6FEA71E9E0FFC0038C7D1 /* MLBaseNavigationController.swift in Sources */ = {isa = PBXBuildFile; fileRef = 14D6FE5B1E9E0FFC0038C7D1 /* MLBaseNavigationController.swift */; };
		14D6FEA81E9E0FFC0038C7D1 /* ScrollDrectionChangeProtocol.swift in Sources */ = {isa = PBXBuildFile; fileRef = 14D6FE5C1E9E0FFC0038C7D1 /* ScrollDrectionChangeProtocol.swift */; };
		14D6FEA91E9E0FFC0038C7D1 /* MLDiscoverCell.swift in Sources */ = {isa = PBXBuildFile; fileRef = 14D6FE5E1E9E0FFC0038C7D1 /* MLDiscoverCell.swift */; };
		14D6FEAA1E9E0FFC0038C7D1 /* MLDiscoverHeaderCell.swift in Sources */ = {isa = PBXBuildFile; fileRef = 14D6FE5F1E9E0FFC0038C7D1 /* MLDiscoverHeaderCell.swift */; };
		14D6FEAB1E9E0FFC0038C7D1 /* MLHomePageAlbumCell.swift in Sources */ = {isa = PBXBuildFile; fileRef = 14D6FE601E9E0FFC0038C7D1 /* MLHomePageAlbumCell.swift */; };
		14D6FEAC1E9E0FFC0038C7D1 /* MLHomePageCell.swift in Sources */ = {isa = PBXBuildFile; fileRef = 14D6FE611E9E0FFC0038C7D1 /* MLHomePageCell.swift */; };
		14D6FEAD1E9E0FFC0038C7D1 /* MLTopicCell.swift in Sources */ = {isa = PBXBuildFile; fileRef = 14D6FE621E9E0FFC0038C7D1 /* MLTopicCell.swift */; };
		14D6FEAE1E9E0FFC0038C7D1 /* MLTopicCellLayout.swift in Sources */ = {isa = PBXBuildFile; fileRef = 14D6FE631E9E0FFC0038C7D1 /* MLTopicCellLayout.swift */; };
		14D6FEAF1E9E0FFC0038C7D1 /* MLTopicCommentCell.swift in Sources */ = {isa = PBXBuildFile; fileRef = 14D6FE641E9E0FFC0038C7D1 /* MLTopicCommentCell.swift */; };
		14D6FEB01E9E0FFC0038C7D1 /* MLTopicCommentCellLayout.swift in Sources */ = {isa = PBXBuildFile; fileRef = 14D6FE651E9E0FFC0038C7D1 /* MLTopicCommentCellLayout.swift */; };
		14D6FEB11E9E0FFC0038C7D1 /* MLUserFansCell.swift in Sources */ = {isa = PBXBuildFile; fileRef = 14D6FE661E9E0FFC0038C7D1 /* MLUserFansCell.swift */; };
		14D6FEB21E9E0FFC0038C7D1 /* MLFindPasswordController.swift in Sources */ = {isa = PBXBuildFile; fileRef = 14D6FE691E9E0FFC0038C7D1 /* MLFindPasswordController.swift */; };
		14D6FEB31E9E0FFC0038C7D1 /* MLLoginController.swift in Sources */ = {isa = PBXBuildFile; fileRef = 14D6FE6A1E9E0FFC0038C7D1 /* MLLoginController.swift */; };
		14D6FEB41E9E0FFC0038C7D1 /* MLRegisterController.swift in Sources */ = {isa = PBXBuildFile; fileRef = 14D6FE6B1E9E0FFC0038C7D1 /* MLRegisterController.swift */; };
		14D6FEB51E9E0FFC0038C7D1 /* MLDiscoverController.swift in Sources */ = {isa = PBXBuildFile; fileRef = 14D6FE6D1E9E0FFC0038C7D1 /* MLDiscoverController.swift */; };
		14D6FEB61E9E0FFC0038C7D1 /* MLDiscoverMoreController.swift in Sources */ = {isa = PBXBuildFile; fileRef = 14D6FE6E1E9E0FFC0038C7D1 /* MLDiscoverMoreController.swift */; };
		14D6FEB81E9E0FFC0038C7D1 /* HomeViewController.swift in Sources */ = {isa = PBXBuildFile; fileRef = 14D6FE711E9E0FFC0038C7D1 /* HomeViewController.swift */; };
		14D6FEB91E9E0FFC0038C7D1 /* MLHomeCommentController.swift in Sources */ = {isa = PBXBuildFile; fileRef = 14D6FE721E9E0FFC0038C7D1 /* MLHomeCommentController.swift */; };
		14D6FEBA1E9E0FFC0038C7D1 /* MLHomeDetailController.swift in Sources */ = {isa = PBXBuildFile; fileRef = 14D6FE731E9E0FFC0038C7D1 /* MLHomeDetailController.swift */; };
		14D6FEBB1E9E0FFC0038C7D1 /* MLHomeSubjectController.swift in Sources */ = {isa = PBXBuildFile; fileRef = 14D6FE741E9E0FFC0038C7D1 /* MLHomeSubjectController.swift */; };
		14D6FEBC1E9E0FFC0038C7D1 /* MLMineMessageController.swift in Sources */ = {isa = PBXBuildFile; fileRef = 14D6FE761E9E0FFC0038C7D1 /* MLMineMessageController.swift */; };
		14D6FEBD1E9E0FFC0038C7D1 /* MLMineSquareController.swift in Sources */ = {isa = PBXBuildFile; fileRef = 14D6FE771E9E0FFC0038C7D1 /* MLMineSquareController.swift */; };
		14D6FEBE1E9E0FFC0038C7D1 /* MLMineViewController.swift in Sources */ = {isa = PBXBuildFile; fileRef = 14D6FE781E9E0FFC0038C7D1 /* MLMineViewController.swift */; };
		14D6FEBF1E9E0FFC0038C7D1 /* MLProtocolViewController.swift in Sources */ = {isa = PBXBuildFile; fileRef = 14D6FE791E9E0FFC0038C7D1 /* MLProtocolViewController.swift */; };
		14D6FEC01E9E0FFC0038C7D1 /* MLSettingViewController.swift in Sources */ = {isa = PBXBuildFile; fileRef = 14D6FE7A1E9E0FFC0038C7D1 /* MLSettingViewController.swift */; };
		14D6FEC11E9E0FFC0038C7D1 /* MLUserController.swift in Sources */ = {isa = PBXBuildFile; fileRef = 14D6FE7B1E9E0FFC0038C7D1 /* MLUserController.swift */; };
		14D6FEC21E9E0FFC0038C7D1 /* MLUserEditController.swift in Sources */ = {isa = PBXBuildFile; fileRef = 14D6FE7C1E9E0FFC0038C7D1 /* MLUserEditController.swift */; };
		14D6FEC31E9E0FFC0038C7D1 /* MLUserFansController.swift in Sources */ = {isa = PBXBuildFile; fileRef = 14D6FE7D1E9E0FFC0038C7D1 /* MLUserFansController.swift */; };
		14D6FEC41E9E0FFC0038C7D1 /* MLPostTopicController.swift in Sources */ = {isa = PBXBuildFile; fileRef = 14D6FE7F1E9E0FFC0038C7D1 /* MLPostTopicController.swift */; };
		14D6FEC51E9E0FFC0038C7D1 /* MLSquareViewController.swift in Sources */ = {isa = PBXBuildFile; fileRef = 14D6FE801E9E0FFC0038C7D1 /* MLSquareViewController.swift */; };
		14D6FEC61E9E0FFC0038C7D1 /* MLTopicDetailController.swift in Sources */ = {isa = PBXBuildFile; fileRef = 14D6FE811E9E0FFC0038C7D1 /* MLTopicDetailController.swift */; };
		14D6FEE61E9E171A0038C7D1 /* Account.storyboard in Resources */ = {isa = PBXBuildFile; fileRef = 14D6FEDD1E9E171A0038C7D1 /* Account.storyboard */; };
		14D6FEE71E9E171A0038C7D1 /* HomeComment.storyboard in Resources */ = {isa = PBXBuildFile; fileRef = 14D6FEDE1E9E171A0038C7D1 /* HomeComment.storyboard */; };
		14D6FEE81E9E171A0038C7D1 /* HomeDetail.storyboard in Resources */ = {isa = PBXBuildFile; fileRef = 14D6FEDF1E9E171A0038C7D1 /* HomeDetail.storyboard */; };
		14D6FEE91E9E171A0038C7D1 /* Protocol.storyboard in Resources */ = {isa = PBXBuildFile; fileRef = 14D6FEE01E9E171A0038C7D1 /* Protocol.storyboard */; };
		14D6FEEA1E9E171A0038C7D1 /* Publish.storyboard in Resources */ = {isa = PBXBuildFile; fileRef = 14D6FEE11E9E171A0038C7D1 /* Publish.storyboard */; };
		14D6FEEC1E9E171A0038C7D1 /* Subject.storyboard in Resources */ = {isa = PBXBuildFile; fileRef = 14D6FEE31E9E171A0038C7D1 /* Subject.storyboard */; };
		14D6FEED1E9E171A0038C7D1 /* TopicDetail.storyboard in Resources */ = {isa = PBXBuildFile; fileRef = 14D6FEE41E9E171A0038C7D1 /* TopicDetail.storyboard */; };
		14D6FEEE1E9E171A0038C7D1 /* User.storyboard in Resources */ = {isa = PBXBuildFile; fileRef = 14D6FEE51E9E171A0038C7D1 /* User.storyboard */; };
		14D6FEF01E9E17B70038C7D1 /* KeychainTool.swift in Sources */ = {isa = PBXBuildFile; fileRef = 14D6FEEF1E9E17B70038C7D1 /* KeychainTool.swift */; };
		14D6FEFB1E9E51230038C7D1 /* MLHomeDetailModel.swift in Sources */ = {isa = PBXBuildFile; fileRef = 14D6FEFA1E9E51230038C7D1 /* MLHomeDetailModel.swift */; };
		14D6FEFD1E9E51940038C7D1 /* MLUserModel.swift in Sources */ = {isa = PBXBuildFile; fileRef = 14D6FEFC1E9E51940038C7D1 /* MLUserModel.swift */; };
		14D6FF021E9F174E0038C7D1 /* MLHomePageModel.swift in Sources */ = {isa = PBXBuildFile; fileRef = 14D6FF011E9F174E0038C7D1 /* MLHomePageModel.swift */; };
		14D6FF041E9F213A0038C7D1 /* MLSquareModel.swift in Sources */ = {isa = PBXBuildFile; fileRef = 14D6FF031E9F213A0038C7D1 /* MLSquareModel.swift */; };
		14D6FF061E9F2C130038C7D1 /* MLTopicCommentModel.swift in Sources */ = {isa = PBXBuildFile; fileRef = 14D6FF051E9F2C130038C7D1 /* MLTopicCommentModel.swift */; };
		14D6FF081E9F4AB20038C7D1 /* MLDiscoverTagModel.swift in Sources */ = {isa = PBXBuildFile; fileRef = 14D6FF071E9F4AB20038C7D1 /* MLDiscoverTagModel.swift */; };
		14D6FF0A1E9F4F230038C7D1 /* JokeHelper.swift in Sources */ = {isa = PBXBuildFile; fileRef = 14D6FF091E9F4F230038C7D1 /* JokeHelper.swift */; };
		14ECBAC81EDFFD3F0090156A /* TUIBTextField.m in Sources */ = {isa = PBXBuildFile; fileRef = 14ECBAC71EDFFD3F0090156A /* TUIBTextField.m */; };
		14F53D6A1EA45CD800FBF649 /* UITextView+Placeholder.m in Sources */ = {isa = PBXBuildFile; fileRef = 14F53D691EA45CD800FBF649 /* UITextView+Placeholder.m */; };
		14F53D761EA4604800FBF649 /* GMBScrollAdView.m in Sources */ = {isa = PBXBuildFile; fileRef = 14F53D751EA4604800FBF649 /* GMBScrollAdView.m */; };
		14F53D7A1EA460A900FBF649 /* AdvertiseView.m in Sources */ = {isa = PBXBuildFile; fileRef = 14F53D791EA460A900FBF649 /* AdvertiseView.m */; };
		14F53D821EA4615F00FBF649 /* IBDesignableOnePixelConstant.m in Sources */ = {isa = PBXBuildFile; fileRef = 14F53D7E1EA4615F00FBF649 /* IBDesignableOnePixelConstant.m */; };
		14F53D831EA4615F00FBF649 /* TUIBButton.m in Sources */ = {isa = PBXBuildFile; fileRef = 14F53D811EA4615F00FBF649 /* TUIBButton.m */; };
		14F53D8C1EA4639B00FBF649 /* NSDate+Utilities.m in Sources */ = {isa = PBXBuildFile; fileRef = 14F53D881EA4639B00FBF649 /* NSDate+Utilities.m */; };
		14F53D8D1EA4639B00FBF649 /* NSDateFormatter+Category.m in Sources */ = {isa = PBXBuildFile; fileRef = 14F53D8A1EA4639B00FBF649 /* NSDateFormatter+Category.m */; };
		AD54B668ADE1BB93361778D5 /* Pods_MissGe.framework in Frameworks */ = {isa = PBXBuildFile; fileRef = 519CCE7A7316DB5D50DB38D1 /* Pods_MissGe.framework */; };
/* End PBXBuildFile section */

/* Begin PBXFileReference section */
		1417A9B21EA70CD9003931C5 /* TUBaseTableView.swift */ = {isa = PBXFileReference; fileEncoding = 4; lastKnownFileType = sourcecode.swift; path = TUBaseTableView.swift; sourceTree = "<group>"; };
		1417A9B41EA70CE9003931C5 /* TUBaseTableViewCell.swift */ = {isa = PBXFileReference; fileEncoding = 4; lastKnownFileType = sourcecode.swift; path = TUBaseTableViewCell.swift; sourceTree = "<group>"; };
		1417A9B81EA72DED003931C5 /* QQShareDelegate.swift */ = {isa = PBXFileReference; fileEncoding = 4; lastKnownFileType = sourcecode.swift; path = QQShareDelegate.swift; sourceTree = "<group>"; };
		1417A9B91EA72DED003931C5 /* QQShareHelp.swift */ = {isa = PBXFileReference; fileEncoding = 4; lastKnownFileType = sourcecode.swift; path = QQShareHelp.swift; sourceTree = "<group>"; };
		1417A9BA1EA72DED003931C5 /* TencentOpenAPI.framework */ = {isa = PBXFileReference; lastKnownFileType = wrapper.framework; path = TencentOpenAPI.framework; sourceTree = "<group>"; };
		1417A9BB1EA72DED003931C5 /* TencentOpenApi_IOS_Bundle.bundle */ = {isa = PBXFileReference; lastKnownFileType = "wrapper.plug-in"; path = TencentOpenApi_IOS_Bundle.bundle; sourceTree = "<group>"; };
		1417A9BC1EA72DED003931C5 /* ShareManager.swift */ = {isa = PBXFileReference; fileEncoding = 4; lastKnownFileType = sourcecode.swift; path = ShareManager.swift; sourceTree = "<group>"; };
		1417A9BF1EA72DED003931C5 /* libWeiboSDK.a */ = {isa = PBXFileReference; lastKnownFileType = archive.ar; path = libWeiboSDK.a; sourceTree = "<group>"; };
		1417A9C01EA72DED003931C5 /* WBHttpRequest+WeiboGame.h */ = {isa = PBXFileReference; fileEncoding = 4; lastKnownFileType = sourcecode.c.h; path = "WBHttpRequest+WeiboGame.h"; sourceTree = "<group>"; };
		1417A9C11EA72DED003931C5 /* WBHttpRequest+WeiboShare.h */ = {isa = PBXFileReference; fileEncoding = 4; lastKnownFileType = sourcecode.c.h; path = "WBHttpRequest+WeiboShare.h"; sourceTree = "<group>"; };
		1417A9C21EA72DED003931C5 /* WBHttpRequest+WeiboToken.h */ = {isa = PBXFileReference; fileEncoding = 4; lastKnownFileType = sourcecode.c.h; path = "WBHttpRequest+WeiboToken.h"; sourceTree = "<group>"; };
		1417A9C31EA72DED003931C5 /* WBHttpRequest+WeiboUser.h */ = {isa = PBXFileReference; fileEncoding = 4; lastKnownFileType = sourcecode.c.h; path = "WBHttpRequest+WeiboUser.h"; sourceTree = "<group>"; };
		1417A9C41EA72DED003931C5 /* WBHttpRequest.h */ = {isa = PBXFileReference; fileEncoding = 4; lastKnownFileType = sourcecode.c.h; path = WBHttpRequest.h; sourceTree = "<group>"; };
		1417A9C51EA72DED003931C5 /* WBSDKBasicButton.h */ = {isa = PBXFileReference; fileEncoding = 4; lastKnownFileType = sourcecode.c.h; path = WBSDKBasicButton.h; sourceTree = "<group>"; };
		1417A9C61EA72DED003931C5 /* WBSDKCommentButton.h */ = {isa = PBXFileReference; fileEncoding = 4; lastKnownFileType = sourcecode.c.h; path = WBSDKCommentButton.h; sourceTree = "<group>"; };
		1417A9C71EA72DED003931C5 /* WBSDKRelationshipButton.h */ = {isa = PBXFileReference; fileEncoding = 4; lastKnownFileType = sourcecode.c.h; path = WBSDKRelationshipButton.h; sourceTree = "<group>"; };
		1417A9C81EA72DED003931C5 /* WeiboSDK.bundle */ = {isa = PBXFileReference; lastKnownFileType = "wrapper.plug-in"; path = WeiboSDK.bundle; sourceTree = "<group>"; };
		1417A9C91EA72DED003931C5 /* WeiboSDK.h */ = {isa = PBXFileReference; fileEncoding = 4; lastKnownFileType = sourcecode.c.h; path = WeiboSDK.h; sourceTree = "<group>"; };
		1417A9CA1EA72DED003931C5 /* WeiboUser.h */ = {isa = PBXFileReference; fileEncoding = 4; lastKnownFileType = sourcecode.c.h; path = WeiboUser.h; sourceTree = "<group>"; };
		1417A9CB1EA72DED003931C5 /* SinaShareDelegate.swift */ = {isa = PBXFileReference; fileEncoding = 4; lastKnownFileType = sourcecode.swift; path = SinaShareDelegate.swift; sourceTree = "<group>"; };
		1417A9CC1EA72DED003931C5 /* SinaShareHelp.swift */ = {isa = PBXFileReference; fileEncoding = 4; lastKnownFileType = sourcecode.swift; path = SinaShareHelp.swift; sourceTree = "<group>"; };
		1417A9CF1EA72DED003931C5 /* libWeChatSDK.a */ = {isa = PBXFileReference; lastKnownFileType = archive.ar; path = libWeChatSDK.a; sourceTree = "<group>"; };
		1417A9D01EA72DED003931C5 /* README.txt */ = {isa = PBXFileReference; fileEncoding = 4; lastKnownFileType = text; path = README.txt; sourceTree = "<group>"; };
		1417A9D11EA72DED003931C5 /* WechatAuthSDK.h */ = {isa = PBXFileReference; fileEncoding = 4; lastKnownFileType = sourcecode.c.h; path = WechatAuthSDK.h; sourceTree = "<group>"; };
		1417A9D21EA72DED003931C5 /* WXApi.h */ = {isa = PBXFileReference; fileEncoding = 4; lastKnownFileType = sourcecode.c.h; path = WXApi.h; sourceTree = "<group>"; };
		1417A9D31EA72DED003931C5 /* WXApiObject.h */ = {isa = PBXFileReference; fileEncoding = 4; lastKnownFileType = sourcecode.c.h; path = WXApiObject.h; sourceTree = "<group>"; };
		1417A9D51EA72DED003931C5 /* WeiXinActivity.bundle */ = {isa = PBXFileReference; lastKnownFileType = "wrapper.plug-in"; path = WeiXinActivity.bundle; sourceTree = "<group>"; };
		1417A9D61EA72DED003931C5 /* WeiXinActivity.strings */ = {isa = PBXFileReference; fileEncoding = 4; lastKnownFileType = text.plist.strings; path = WeiXinActivity.strings; sourceTree = "<group>"; };
		1417A9D71EA72DED003931C5 /* WeiXinActivity.swift */ = {isa = PBXFileReference; fileEncoding = 4; lastKnownFileType = sourcecode.swift; path = WeiXinActivity.swift; sourceTree = "<group>"; };
		1417A9D81EA72DED003931C5 /* WeiXinshareDelegate.swift */ = {isa = PBXFileReference; fileEncoding = 4; lastKnownFileType = sourcecode.swift; path = WeiXinshareDelegate.swift; sourceTree = "<group>"; };
		1417A9D91EA72DED003931C5 /* WeiXinShareHelp.swift */ = {isa = PBXFileReference; fileEncoding = 4; lastKnownFileType = sourcecode.swift; path = WeiXinShareHelp.swift; sourceTree = "<group>"; };
		1417A9EA1EA72E16003931C5 /* libsqlite3.tbd */ = {isa = PBXFileReference; lastKnownFileType = "sourcecode.text-based-dylib-definition"; name = libsqlite3.tbd; path = usr/lib/libsqlite3.tbd; sourceTree = SDKROOT; };
		1417A9EC1EA72E1F003931C5 /* libz.tbd */ = {isa = PBXFileReference; lastKnownFileType = "sourcecode.text-based-dylib-definition"; name = libz.tbd; path = usr/lib/libz.tbd; sourceTree = SDKROOT; };
		1417A9EE1EA72E33003931C5 /* libstdc++.tbd */ = {isa = PBXFileReference; lastKnownFileType = "sourcecode.text-based-dylib-definition"; name = "libstdc++.tbd"; path = "usr/lib/libstdc++.tbd"; sourceTree = SDKROOT; };
		1417A9F11EA72E78003931C5 /* UIColorExtension.swift */ = {isa = PBXFileReference; fileEncoding = 4; lastKnownFileType = sourcecode.swift; path = UIColorExtension.swift; sourceTree = "<group>"; };
		143AA8EF1F989E1300E05D0F /* TUSearchBar.swift */ = {isa = PBXFileReference; lastKnownFileType = sourcecode.swift; path = TUSearchBar.swift; sourceTree = "<group>"; };
		1447AF3E1FCC163E00D9D514 /* APIManager.swift */ = {isa = PBXFileReference; fileEncoding = 4; lastKnownFileType = sourcecode.swift; path = APIManager.swift; sourceTree = "<group>"; };
		1447AF411FCC17E200D9D514 /* MLHomeViewModel.swift */ = {isa = PBXFileReference; fileEncoding = 4; lastKnownFileType = sourcecode.swift; path = MLHomeViewModel.swift; sourceTree = "<group>"; };
		144B6A0C1EA451A70000BB1B /* TZTestCell.swift */ = {isa = PBXFileReference; fileEncoding = 4; lastKnownFileType = sourcecode.swift; path = TZTestCell.swift; sourceTree = "<group>"; };
		1471CB261EAEF28900226C56 /* XHCustomSegue.swift */ = {isa = PBXFileReference; fileEncoding = 4; lastKnownFileType = sourcecode.swift; path = XHCustomSegue.swift; sourceTree = "<group>"; };
		1471CB281EAF0B9600226C56 /* XHUploadImagesHelper.swift */ = {isa = PBXFileReference; fileEncoding = 4; lastKnownFileType = sourcecode.swift; path = XHUploadImagesHelper.swift; sourceTree = "<group>"; };
		1471CB2A1EAF2A9F00226C56 /* XHImageCompressHelper.swift */ = {isa = PBXFileReference; fileEncoding = 4; lastKnownFileType = sourcecode.swift; path = XHImageCompressHelper.swift; sourceTree = "<group>"; };
		1488B5D81EA4B0E10096B0BE /* AppDelegate.swift */ = {isa = PBXFileReference; fileEncoding = 4; lastKnownFileType = sourcecode.swift; path = AppDelegate.swift; sourceTree = "<group>"; };
		1488B5DB1EA4B8CF0096B0BE /* Agreement.txt */ = {isa = PBXFileReference; fileEncoding = 4; lastKnownFileType = text; path = Agreement.txt; sourceTree = "<group>"; };
		1488B5DC1EA4B8CF0096B0BE /* TagList.plist */ = {isa = PBXFileReference; fileEncoding = 4; lastKnownFileType = text.plist.xml; path = TagList.plist; sourceTree = "<group>"; };
		14930D5D1FCE798400A8545B /* TUNetwork.swift */ = {isa = PBXFileReference; fileEncoding = 4; lastKnownFileType = sourcecode.swift; path = TUNetwork.swift; sourceTree = "<group>"; };
		14BC8ED51EB304F700933E85 /* Base */ = {isa = PBXFileReference; lastKnownFileType = text.plist.strings; name = Base; path = Base.lproj/infoPlist.strings; sourceTree = "<group>"; };
		14BC8ED71EB304F900933E85 /* en */ = {isa = PBXFileReference; lastKnownFileType = text.plist.strings; name = en; path = en.lproj/infoPlist.strings; sourceTree = "<group>"; };
		14C1DA111ECE930500517155 /* MLMineFavoriteController.swift */ = {isa = PBXFileReference; fileEncoding = 4; lastKnownFileType = sourcecode.swift; path = MLMineFavoriteController.swift; sourceTree = "<group>"; };
		14C1DA131ECE952600517155 /* PhotoBrowser.storyboard */ = {isa = PBXFileReference; fileEncoding = 4; lastKnownFileType = file.storyboard; path = PhotoBrowser.storyboard; sourceTree = "<group>"; };
		14C1DA151ECE98AC00517155 /* MLMineCommentController.swift */ = {isa = PBXFileReference; fileEncoding = 4; lastKnownFileType = sourcecode.swift; path = MLMineCommentController.swift; sourceTree = "<group>"; };
		14C446031ECD650D0014DF0E /* XHImageGifHelper.swift */ = {isa = PBXFileReference; fileEncoding = 4; lastKnownFileType = sourcecode.swift; path = XHImageGifHelper.swift; sourceTree = "<group>"; };
		14CD20971EB869E700F0B920 /* Emoji.swift */ = {isa = PBXFileReference; fileEncoding = 4; lastKnownFileType = sourcecode.swift; path = Emoji.swift; sourceTree = "<group>"; };
		14CD20981EB869E700F0B920 /* String+Emoji.swift */ = {isa = PBXFileReference; fileEncoding = 4; lastKnownFileType = sourcecode.swift; path = "String+Emoji.swift"; sourceTree = "<group>"; };
		14CF044B1FCD0A7B0035BBC4 /* TUNetworkModelExtension.swift */ = {isa = PBXFileReference; fileEncoding = 4; lastKnownFileType = sourcecode.swift; path = TUNetworkModelExtension.swift; sourceTree = "<group>"; };
		14D6FE0C1E9E0DEE0038C7D1 /* MissGe.app */ = {isa = PBXFileReference; explicitFileType = wrapper.application; includeInIndex = 0; path = MissGe.app; sourceTree = BUILT_PRODUCTS_DIR; };
		14D6FE141E9E0DEE0038C7D1 /* Base */ = {isa = PBXFileReference; lastKnownFileType = file.storyboard; name = Base; path = Base.lproj/Main.storyboard; sourceTree = "<group>"; };
		14D6FE161E9E0DEE0038C7D1 /* Assets.xcassets */ = {isa = PBXFileReference; lastKnownFileType = folder.assetcatalog; path = Assets.xcassets; sourceTree = "<group>"; };
		14D6FE191E9E0DEE0038C7D1 /* Base */ = {isa = PBXFileReference; lastKnownFileType = file.storyboard; name = Base; path = Base.lproj/LaunchScreen.storyboard; sourceTree = "<group>"; };
		14D6FE1B1E9E0DEE0038C7D1 /* Info.plist */ = {isa = PBXFileReference; lastKnownFileType = text.plist.xml; path = Info.plist; sourceTree = "<group>"; };
		14D6FE241E9E0FFC0038C7D1 /* AlertExt.swift */ = {isa = PBXFileReference; fileEncoding = 4; lastKnownFileType = sourcecode.swift; path = AlertExt.swift; sourceTree = "<group>"; };
		14D6FE281E9E0FFC0038C7D1 /* error@2x.png */ = {isa = PBXFileReference; lastKnownFileType = image.png; path = "error@2x.png"; sourceTree = "<group>"; };
		14D6FE291E9E0FFC0038C7D1 /* HUDExt.swift */ = {isa = PBXFileReference; fileEncoding = 4; lastKnownFileType = sourcecode.swift; path = HUDExt.swift; sourceTree = "<group>"; };
		14D6FE2A1E9E0FFC0038C7D1 /* success@2x.png */ = {isa = PBXFileReference; lastKnownFileType = image.png; path = "success@2x.png"; sourceTree = "<group>"; };
		14D6FE2C1E9E0FFC0038C7D1 /* NormalFooterExt.swift */ = {isa = PBXFileReference; fileEncoding = 4; lastKnownFileType = sourcecode.swift; path = NormalFooterExt.swift; sourceTree = "<group>"; };
		14D6FE2D1E9E0FFC0038C7D1 /* NormalHeaderExt.swift */ = {isa = PBXFileReference; fileEncoding = 4; lastKnownFileType = sourcecode.swift; path = NormalHeaderExt.swift; sourceTree = "<group>"; };
		14D6FE2F1E9E0FFC0038C7D1 /* StringExtensions.swift */ = {isa = PBXFileReference; fileEncoding = 4; lastKnownFileType = sourcecode.swift; path = StringExtensions.swift; sourceTree = "<group>"; };
		14D6FE311E9E0FFC0038C7D1 /* UIViewBlurExt.swift */ = {isa = PBXFileReference; fileEncoding = 4; lastKnownFileType = sourcecode.swift; path = UIViewBlurExt.swift; sourceTree = "<group>"; };
		14D6FE321E9E0FFC0038C7D1 /* UIViewCornerExt.swift */ = {isa = PBXFileReference; fileEncoding = 4; lastKnownFileType = sourcecode.swift; path = UIViewCornerExt.swift; sourceTree = "<group>"; };
		14D6FE331E9E0FFC0038C7D1 /* UIViewExt.swift */ = {isa = PBXFileReference; fileEncoding = 4; lastKnownFileType = sourcecode.swift; path = UIViewExt.swift; sourceTree = "<group>"; };
		14D6FE351E9E0FFC0038C7D1 /* Global.swift */ = {isa = PBXFileReference; fileEncoding = 4; lastKnownFileType = sourcecode.swift; path = Global.swift; sourceTree = "<group>"; };
		14D6FE361E9E0FFC0038C7D1 /* ProjetGlobal.swift */ = {isa = PBXFileReference; fileEncoding = 4; lastKnownFileType = sourcecode.swift; path = ProjetGlobal.swift; sourceTree = "<group>"; };
		14D6FE381E9E0FFC0038C7D1 /* PhotoAlbumHelper.swift */ = {isa = PBXFileReference; fileEncoding = 4; lastKnownFileType = sourcecode.swift; path = PhotoAlbumHelper.swift; sourceTree = "<group>"; };
		14D6FE3E1E9E0FFC0038C7D1 /* MLLoginRequest.swift */ = {isa = PBXFileReference; fileEncoding = 4; lastKnownFileType = sourcecode.swift; path = MLLoginRequest.swift; sourceTree = "<group>"; };
		14D6FE3F1E9E0FFC0038C7D1 /* MLUserRequest.swift */ = {isa = PBXFileReference; fileEncoding = 4; lastKnownFileType = sourcecode.swift; path = MLUserRequest.swift; sourceTree = "<group>"; };
		14D6FE411E9E0FFC0038C7D1 /* MLDiscoverDetailRequest.swift */ = {isa = PBXFileReference; fileEncoding = 4; lastKnownFileType = sourcecode.swift; path = MLDiscoverDetailRequest.swift; sourceTree = "<group>"; };
		14D6FE421E9E0FFC0038C7D1 /* MLDiscoverRequest.swift */ = {isa = PBXFileReference; fileEncoding = 4; lastKnownFileType = sourcecode.swift; path = MLDiscoverRequest.swift; sourceTree = "<group>"; };
		14D6FE471E9E0FFC0038C7D1 /* MLHomeCommentListRequest.swift */ = {isa = PBXFileReference; fileEncoding = 4; lastKnownFileType = sourcecode.swift; path = MLHomeCommentListRequest.swift; sourceTree = "<group>"; };
		14D6FE481E9E0FFC0038C7D1 /* MLHomeCommentRequest.swift */ = {isa = PBXFileReference; fileEncoding = 4; lastKnownFileType = sourcecode.swift; path = MLHomeCommentRequest.swift; sourceTree = "<group>"; };
		14D6FE491E9E0FFC0038C7D1 /* MLHomeDetailRequest.swift */ = {isa = PBXFileReference; fileEncoding = 4; lastKnownFileType = sourcecode.swift; path = MLHomeDetailRequest.swift; sourceTree = "<group>"; };
		14D6FE4A1E9E0FFC0038C7D1 /* MLHomeFavoriteRequest.swift */ = {isa = PBXFileReference; fileEncoding = 4; lastKnownFileType = sourcecode.swift; path = MLHomeFavoriteRequest.swift; sourceTree = "<group>"; };
		14D6FE4B1E9E0FFC0038C7D1 /* MLLikeRequest.swift */ = {isa = PBXFileReference; fileEncoding = 4; lastKnownFileType = sourcecode.swift; path = MLLikeRequest.swift; sourceTree = "<group>"; };
		14D6FE4D1E9E0FFC0038C7D1 /* MLMineRequest.swift */ = {isa = PBXFileReference; fileEncoding = 4; lastKnownFileType = sourcecode.swift; path = MLMineRequest.swift; sourceTree = "<group>"; };
		14D6FE4E1E9E0FFC0038C7D1 /* MLBaseRequest.swift */ = {isa = PBXFileReference; fileEncoding = 4; lastKnownFileType = sourcecode.swift; path = MLBaseRequest.swift; sourceTree = "<group>"; };
		14D6FE4F1E9E0FFC0038C7D1 /* MLNetConfig.swift */ = {isa = PBXFileReference; fileEncoding = 4; lastKnownFileType = sourcecode.swift; path = MLNetConfig.swift; sourceTree = "<group>"; };
		14D6FE501E9E0FFC0038C7D1 /* MLRequestHelper.swift */ = {isa = PBXFileReference; fileEncoding = 4; lastKnownFileType = sourcecode.swift; path = MLRequestHelper.swift; sourceTree = "<group>"; };
		14D6FE521E9E0FFC0038C7D1 /* MLPostTopicRequest.swift */ = {isa = PBXFileReference; fileEncoding = 4; lastKnownFileType = sourcecode.swift; path = MLPostTopicRequest.swift; sourceTree = "<group>"; };
		14D6FE531E9E0FFC0038C7D1 /* MLSquareRequest.swift */ = {isa = PBXFileReference; fileEncoding = 4; lastKnownFileType = sourcecode.swift; path = MLSquareRequest.swift; sourceTree = "<group>"; };
		14D6FE541E9E0FFC0038C7D1 /* MLTopicCommentListRequest.swift */ = {isa = PBXFileReference; fileEncoding = 4; lastKnownFileType = sourcecode.swift; path = MLTopicCommentListRequest.swift; sourceTree = "<group>"; };
		14D6FE571E9E0FFC0038C7D1 /* BaseNavigationController.swift */ = {isa = PBXFileReference; fileEncoding = 4; lastKnownFileType = sourcecode.swift; path = BaseNavigationController.swift; sourceTree = "<group>"; };
		14D6FE581E9E0FFC0038C7D1 /* BaseTabBarController.swift */ = {isa = PBXFileReference; fileEncoding = 4; lastKnownFileType = sourcecode.swift; path = BaseTabBarController.swift; sourceTree = "<group>"; };
		14D6FE591E9E0FFC0038C7D1 /* BaseViewController.swift */ = {isa = PBXFileReference; fileEncoding = 4; lastKnownFileType = sourcecode.swift; path = BaseViewController.swift; sourceTree = "<group>"; };
		14D6FE5A1E9E0FFC0038C7D1 /* BaseWebViewController.swift */ = {isa = PBXFileReference; fileEncoding = 4; lastKnownFileType = sourcecode.swift; path = BaseWebViewController.swift; sourceTree = "<group>"; };
		14D6FE5B1E9E0FFC0038C7D1 /* MLBaseNavigationController.swift */ = {isa = PBXFileReference; fileEncoding = 4; lastKnownFileType = sourcecode.swift; path = MLBaseNavigationController.swift; sourceTree = "<group>"; };
		14D6FE5C1E9E0FFC0038C7D1 /* ScrollDrectionChangeProtocol.swift */ = {isa = PBXFileReference; fileEncoding = 4; lastKnownFileType = sourcecode.swift; path = ScrollDrectionChangeProtocol.swift; sourceTree = "<group>"; };
		14D6FE5E1E9E0FFC0038C7D1 /* MLDiscoverCell.swift */ = {isa = PBXFileReference; fileEncoding = 4; lastKnownFileType = sourcecode.swift; path = MLDiscoverCell.swift; sourceTree = "<group>"; };
		14D6FE5F1E9E0FFC0038C7D1 /* MLDiscoverHeaderCell.swift */ = {isa = PBXFileReference; fileEncoding = 4; lastKnownFileType = sourcecode.swift; path = MLDiscoverHeaderCell.swift; sourceTree = "<group>"; };
		14D6FE601E9E0FFC0038C7D1 /* MLHomePageAlbumCell.swift */ = {isa = PBXFileReference; fileEncoding = 4; lastKnownFileType = sourcecode.swift; path = MLHomePageAlbumCell.swift; sourceTree = "<group>"; };
		14D6FE611E9E0FFC0038C7D1 /* MLHomePageCell.swift */ = {isa = PBXFileReference; fileEncoding = 4; lastKnownFileType = sourcecode.swift; path = MLHomePageCell.swift; sourceTree = "<group>"; };
		14D6FE621E9E0FFC0038C7D1 /* MLTopicCell.swift */ = {isa = PBXFileReference; fileEncoding = 4; lastKnownFileType = sourcecode.swift; path = MLTopicCell.swift; sourceTree = "<group>"; };
		14D6FE631E9E0FFC0038C7D1 /* MLTopicCellLayout.swift */ = {isa = PBXFileReference; fileEncoding = 4; lastKnownFileType = sourcecode.swift; path = MLTopicCellLayout.swift; sourceTree = "<group>"; };
		14D6FE641E9E0FFC0038C7D1 /* MLTopicCommentCell.swift */ = {isa = PBXFileReference; fileEncoding = 4; lastKnownFileType = sourcecode.swift; path = MLTopicCommentCell.swift; sourceTree = "<group>"; };
		14D6FE651E9E0FFC0038C7D1 /* MLTopicCommentCellLayout.swift */ = {isa = PBXFileReference; fileEncoding = 4; lastKnownFileType = sourcecode.swift; path = MLTopicCommentCellLayout.swift; sourceTree = "<group>"; };
		14D6FE661E9E0FFC0038C7D1 /* MLUserFansCell.swift */ = {isa = PBXFileReference; fileEncoding = 4; lastKnownFileType = sourcecode.swift; path = MLUserFansCell.swift; sourceTree = "<group>"; };
		14D6FE691E9E0FFC0038C7D1 /* MLFindPasswordController.swift */ = {isa = PBXFileReference; fileEncoding = 4; lastKnownFileType = sourcecode.swift; path = MLFindPasswordController.swift; sourceTree = "<group>"; };
		14D6FE6A1E9E0FFC0038C7D1 /* MLLoginController.swift */ = {isa = PBXFileReference; fileEncoding = 4; lastKnownFileType = sourcecode.swift; path = MLLoginController.swift; sourceTree = "<group>"; };
		14D6FE6B1E9E0FFC0038C7D1 /* MLRegisterController.swift */ = {isa = PBXFileReference; fileEncoding = 4; lastKnownFileType = sourcecode.swift; path = MLRegisterController.swift; sourceTree = "<group>"; };
		14D6FE6D1E9E0FFC0038C7D1 /* MLDiscoverController.swift */ = {isa = PBXFileReference; fileEncoding = 4; lastKnownFileType = sourcecode.swift; path = MLDiscoverController.swift; sourceTree = "<group>"; };
		14D6FE6E1E9E0FFC0038C7D1 /* MLDiscoverMoreController.swift */ = {isa = PBXFileReference; fileEncoding = 4; lastKnownFileType = sourcecode.swift; path = MLDiscoverMoreController.swift; sourceTree = "<group>"; };
		14D6FE711E9E0FFC0038C7D1 /* HomeViewController.swift */ = {isa = PBXFileReference; fileEncoding = 4; lastKnownFileType = sourcecode.swift; path = HomeViewController.swift; sourceTree = "<group>"; };
		14D6FE721E9E0FFC0038C7D1 /* MLHomeCommentController.swift */ = {isa = PBXFileReference; fileEncoding = 4; lastKnownFileType = sourcecode.swift; path = MLHomeCommentController.swift; sourceTree = "<group>"; };
		14D6FE731E9E0FFC0038C7D1 /* MLHomeDetailController.swift */ = {isa = PBXFileReference; fileEncoding = 4; lastKnownFileType = sourcecode.swift; path = MLHomeDetailController.swift; sourceTree = "<group>"; };
		14D6FE741E9E0FFC0038C7D1 /* MLHomeSubjectController.swift */ = {isa = PBXFileReference; fileEncoding = 4; lastKnownFileType = sourcecode.swift; path = MLHomeSubjectController.swift; sourceTree = "<group>"; };
		14D6FE761E9E0FFC0038C7D1 /* MLMineMessageController.swift */ = {isa = PBXFileReference; fileEncoding = 4; lastKnownFileType = sourcecode.swift; path = MLMineMessageController.swift; sourceTree = "<group>"; };
		14D6FE771E9E0FFC0038C7D1 /* MLMineSquareController.swift */ = {isa = PBXFileReference; fileEncoding = 4; lastKnownFileType = sourcecode.swift; path = MLMineSquareController.swift; sourceTree = "<group>"; };
		14D6FE781E9E0FFC0038C7D1 /* MLMineViewController.swift */ = {isa = PBXFileReference; fileEncoding = 4; lastKnownFileType = sourcecode.swift; path = MLMineViewController.swift; sourceTree = "<group>"; };
		14D6FE791E9E0FFC0038C7D1 /* MLProtocolViewController.swift */ = {isa = PBXFileReference; fileEncoding = 4; lastKnownFileType = sourcecode.swift; path = MLProtocolViewController.swift; sourceTree = "<group>"; };
		14D6FE7A1E9E0FFC0038C7D1 /* MLSettingViewController.swift */ = {isa = PBXFileReference; fileEncoding = 4; lastKnownFileType = sourcecode.swift; path = MLSettingViewController.swift; sourceTree = "<group>"; };
		14D6FE7B1E9E0FFC0038C7D1 /* MLUserController.swift */ = {isa = PBXFileReference; fileEncoding = 4; lastKnownFileType = sourcecode.swift; path = MLUserController.swift; sourceTree = "<group>"; };
		14D6FE7C1E9E0FFC0038C7D1 /* MLUserEditController.swift */ = {isa = PBXFileReference; fileEncoding = 4; lastKnownFileType = sourcecode.swift; path = MLUserEditController.swift; sourceTree = "<group>"; };
		14D6FE7D1E9E0FFC0038C7D1 /* MLUserFansController.swift */ = {isa = PBXFileReference; fileEncoding = 4; lastKnownFileType = sourcecode.swift; path = MLUserFansController.swift; sourceTree = "<group>"; };
		14D6FE7F1E9E0FFC0038C7D1 /* MLPostTopicController.swift */ = {isa = PBXFileReference; fileEncoding = 4; lastKnownFileType = sourcecode.swift; path = MLPostTopicController.swift; sourceTree = "<group>"; };
		14D6FE801E9E0FFC0038C7D1 /* MLSquareViewController.swift */ = {isa = PBXFileReference; fileEncoding = 4; lastKnownFileType = sourcecode.swift; path = MLSquareViewController.swift; sourceTree = "<group>"; };
		14D6FE811E9E0FFC0038C7D1 /* MLTopicDetailController.swift */ = {isa = PBXFileReference; fileEncoding = 4; lastKnownFileType = sourcecode.swift; path = MLTopicDetailController.swift; sourceTree = "<group>"; };
		14D6FEDD1E9E171A0038C7D1 /* Account.storyboard */ = {isa = PBXFileReference; fileEncoding = 4; lastKnownFileType = file.storyboard; path = Account.storyboard; sourceTree = "<group>"; };
		14D6FEDE1E9E171A0038C7D1 /* HomeComment.storyboard */ = {isa = PBXFileReference; fileEncoding = 4; lastKnownFileType = file.storyboard; path = HomeComment.storyboard; sourceTree = "<group>"; };
		14D6FEDF1E9E171A0038C7D1 /* HomeDetail.storyboard */ = {isa = PBXFileReference; fileEncoding = 4; lastKnownFileType = file.storyboard; path = HomeDetail.storyboard; sourceTree = "<group>"; };
		14D6FEE01E9E171A0038C7D1 /* Protocol.storyboard */ = {isa = PBXFileReference; fileEncoding = 4; lastKnownFileType = file.storyboard; path = Protocol.storyboard; sourceTree = "<group>"; };
		14D6FEE11E9E171A0038C7D1 /* Publish.storyboard */ = {isa = PBXFileReference; fileEncoding = 4; lastKnownFileType = file.storyboard; path = Publish.storyboard; sourceTree = "<group>"; };
		14D6FEE31E9E171A0038C7D1 /* Subject.storyboard */ = {isa = PBXFileReference; fileEncoding = 4; lastKnownFileType = file.storyboard; path = Subject.storyboard; sourceTree = "<group>"; };
		14D6FEE41E9E171A0038C7D1 /* TopicDetail.storyboard */ = {isa = PBXFileReference; fileEncoding = 4; lastKnownFileType = file.storyboard; path = TopicDetail.storyboard; sourceTree = "<group>"; };
		14D6FEE51E9E171A0038C7D1 /* User.storyboard */ = {isa = PBXFileReference; fileEncoding = 4; lastKnownFileType = file.storyboard; path = User.storyboard; sourceTree = "<group>"; };
		14D6FEEF1E9E17B70038C7D1 /* KeychainTool.swift */ = {isa = PBXFileReference; fileEncoding = 4; lastKnownFileType = sourcecode.swift; path = KeychainTool.swift; sourceTree = "<group>"; };
		14D6FEFA1E9E51230038C7D1 /* MLHomeDetailModel.swift */ = {isa = PBXFileReference; fileEncoding = 4; lastKnownFileType = sourcecode.swift; path = MLHomeDetailModel.swift; sourceTree = "<group>"; };
		14D6FEFC1E9E51940038C7D1 /* MLUserModel.swift */ = {isa = PBXFileReference; fileEncoding = 4; lastKnownFileType = sourcecode.swift; path = MLUserModel.swift; sourceTree = "<group>"; };
		14D6FF011E9F174E0038C7D1 /* MLHomePageModel.swift */ = {isa = PBXFileReference; fileEncoding = 4; lastKnownFileType = sourcecode.swift; path = MLHomePageModel.swift; sourceTree = "<group>"; };
		14D6FF031E9F213A0038C7D1 /* MLSquareModel.swift */ = {isa = PBXFileReference; fileEncoding = 4; lastKnownFileType = sourcecode.swift; path = MLSquareModel.swift; sourceTree = "<group>"; };
		14D6FF051E9F2C130038C7D1 /* MLTopicCommentModel.swift */ = {isa = PBXFileReference; fileEncoding = 4; lastKnownFileType = sourcecode.swift; path = MLTopicCommentModel.swift; sourceTree = "<group>"; };
		14D6FF071E9F4AB20038C7D1 /* MLDiscoverTagModel.swift */ = {isa = PBXFileReference; fileEncoding = 4; lastKnownFileType = sourcecode.swift; path = MLDiscoverTagModel.swift; sourceTree = "<group>"; };
		14D6FF091E9F4F230038C7D1 /* JokeHelper.swift */ = {isa = PBXFileReference; fileEncoding = 4; lastKnownFileType = sourcecode.swift; path = JokeHelper.swift; sourceTree = "<group>"; };
		14ECBAC61EDFFD3F0090156A /* TUIBTextField.h */ = {isa = PBXFileReference; fileEncoding = 4; lastKnownFileType = sourcecode.c.h; path = TUIBTextField.h; sourceTree = "<group>"; };
		14ECBAC71EDFFD3F0090156A /* TUIBTextField.m */ = {isa = PBXFileReference; fileEncoding = 4; lastKnownFileType = sourcecode.c.objc; path = TUIBTextField.m; sourceTree = "<group>"; };
		14F53D681EA45CD800FBF649 /* UITextView+Placeholder.h */ = {isa = PBXFileReference; fileEncoding = 4; lastKnownFileType = sourcecode.c.h; path = "UITextView+Placeholder.h"; sourceTree = "<group>"; };
		14F53D691EA45CD800FBF649 /* UITextView+Placeholder.m */ = {isa = PBXFileReference; fileEncoding = 4; lastKnownFileType = sourcecode.c.objc; path = "UITextView+Placeholder.m"; sourceTree = "<group>"; };
		14F53D6C1EA45D3E00FBF649 /* MissGe-Bridging-Header.h */ = {isa = PBXFileReference; lastKnownFileType = sourcecode.c.h; path = "MissGe-Bridging-Header.h"; sourceTree = "<group>"; };
		14F53D741EA4604800FBF649 /* GMBScrollAdView.h */ = {isa = PBXFileReference; fileEncoding = 4; lastKnownFileType = sourcecode.c.h; path = GMBScrollAdView.h; sourceTree = "<group>"; };
		14F53D751EA4604800FBF649 /* GMBScrollAdView.m */ = {isa = PBXFileReference; fileEncoding = 4; lastKnownFileType = sourcecode.c.objc; path = GMBScrollAdView.m; sourceTree = "<group>"; };
		14F53D781EA460A900FBF649 /* AdvertiseView.h */ = {isa = PBXFileReference; fileEncoding = 4; lastKnownFileType = sourcecode.c.h; path = AdvertiseView.h; sourceTree = "<group>"; };
		14F53D791EA460A900FBF649 /* AdvertiseView.m */ = {isa = PBXFileReference; fileEncoding = 4; lastKnownFileType = sourcecode.c.objc; path = AdvertiseView.m; sourceTree = "<group>"; };
		14F53D7D1EA4615F00FBF649 /* IBDesignableOnePixelConstant.h */ = {isa = PBXFileReference; fileEncoding = 4; lastKnownFileType = sourcecode.c.h; path = IBDesignableOnePixelConstant.h; sourceTree = "<group>"; };
		14F53D7E1EA4615F00FBF649 /* IBDesignableOnePixelConstant.m */ = {isa = PBXFileReference; fileEncoding = 4; lastKnownFileType = sourcecode.c.objc; path = IBDesignableOnePixelConstant.m; sourceTree = "<group>"; };
		14F53D801EA4615F00FBF649 /* TUIBButton.h */ = {isa = PBXFileReference; fileEncoding = 4; lastKnownFileType = sourcecode.c.h; path = TUIBButton.h; sourceTree = "<group>"; };
		14F53D811EA4615F00FBF649 /* TUIBButton.m */ = {isa = PBXFileReference; fileEncoding = 4; lastKnownFileType = sourcecode.c.objc; path = TUIBButton.m; sourceTree = "<group>"; };
		14F53D871EA4639B00FBF649 /* NSDate+Utilities.h */ = {isa = PBXFileReference; fileEncoding = 4; lastKnownFileType = sourcecode.c.h; path = "NSDate+Utilities.h"; sourceTree = "<group>"; };
		14F53D881EA4639B00FBF649 /* NSDate+Utilities.m */ = {isa = PBXFileReference; fileEncoding = 4; lastKnownFileType = sourcecode.c.objc; path = "NSDate+Utilities.m"; sourceTree = "<group>"; };
		14F53D891EA4639B00FBF649 /* NSDateFormatter+Category.h */ = {isa = PBXFileReference; fileEncoding = 4; lastKnownFileType = sourcecode.c.h; path = "NSDateFormatter+Category.h"; sourceTree = "<group>"; };
		14F53D8A1EA4639B00FBF649 /* NSDateFormatter+Category.m */ = {isa = PBXFileReference; fileEncoding = 4; lastKnownFileType = sourcecode.c.objc; path = "NSDateFormatter+Category.m"; sourceTree = "<group>"; };
		519CCE7A7316DB5D50DB38D1 /* Pods_MissGe.framework */ = {isa = PBXFileReference; explicitFileType = wrapper.framework; includeInIndex = 0; path = Pods_MissGe.framework; sourceTree = BUILT_PRODUCTS_DIR; };
		A6443ABEE646BF31F754A860 /* Pods-MissGe.release.xcconfig */ = {isa = PBXFileReference; includeInIndex = 1; lastKnownFileType = text.xcconfig; name = "Pods-MissGe.release.xcconfig"; path = "Pods/Target Support Files/Pods-MissGe/Pods-MissGe.release.xcconfig"; sourceTree = "<group>"; };
		C89BFF490CCE9425BCE28A15 /* Pods-MissGe.debug.xcconfig */ = {isa = PBXFileReference; includeInIndex = 1; lastKnownFileType = text.xcconfig; name = "Pods-MissGe.debug.xcconfig"; path = "Pods/Target Support Files/Pods-MissGe/Pods-MissGe.debug.xcconfig"; sourceTree = "<group>"; };
/* End PBXFileReference section */

/* Begin PBXFrameworksBuildPhase section */
		14D6FE091E9E0DEE0038C7D1 /* Frameworks */ = {
			isa = PBXFrameworksBuildPhase;
			buildActionMask = 2147483647;
			files = (
				1417A9EF1EA72E33003931C5 /* libstdc++.tbd in Frameworks */,
				1417A9ED1EA72E1F003931C5 /* libz.tbd in Frameworks */,
				1417A9EB1EA72E16003931C5 /* libsqlite3.tbd in Frameworks */,
				AD54B668ADE1BB93361778D5 /* Pods_MissGe.framework in Frameworks */,
				1417A9DF1EA72DED003931C5 /* libWeiboSDK.a in Frameworks */,
				1417A9E31EA72DED003931C5 /* libWeChatSDK.a in Frameworks */,
				1417A9DC1EA72DED003931C5 /* TencentOpenAPI.framework in Frameworks */,
			);
			runOnlyForDeploymentPostprocessing = 0;
		};
/* End PBXFrameworksBuildPhase section */

/* Begin PBXGroup section */
		10C8B53743C697D3B474A435 /* Pods */ = {
			isa = PBXGroup;
			children = (
				C89BFF490CCE9425BCE28A15 /* Pods-MissGe.debug.xcconfig */,
				A6443ABEE646BF31F754A860 /* Pods-MissGe.release.xcconfig */,
			);
			name = Pods;
			sourceTree = "<group>";
		};
		1417A9B61EA72DED003931C5 /* Share */ = {
			isa = PBXGroup;
			children = (
				1417A9B71EA72DED003931C5 /* QQ */,
				1417A9BC1EA72DED003931C5 /* ShareManager.swift */,
				1417A9BD1EA72DED003931C5 /* WeiBo */,
				1417A9CD1EA72DED003931C5 /* WeiXin */,
			);
			path = Share;
			sourceTree = "<group>";
		};
		1417A9B71EA72DED003931C5 /* QQ */ = {
			isa = PBXGroup;
			children = (
				1417A9B81EA72DED003931C5 /* QQShareDelegate.swift */,
				1417A9B91EA72DED003931C5 /* QQShareHelp.swift */,
				1417A9BA1EA72DED003931C5 /* TencentOpenAPI.framework */,
				1417A9BB1EA72DED003931C5 /* TencentOpenApi_IOS_Bundle.bundle */,
			);
			path = QQ;
			sourceTree = "<group>";
		};
		1417A9BD1EA72DED003931C5 /* WeiBo */ = {
			isa = PBXGroup;
			children = (
				1417A9BE1EA72DED003931C5 /* libWeiboSDK */,
				1417A9CB1EA72DED003931C5 /* SinaShareDelegate.swift */,
				1417A9CC1EA72DED003931C5 /* SinaShareHelp.swift */,
			);
			path = WeiBo;
			sourceTree = "<group>";
		};
		1417A9BE1EA72DED003931C5 /* libWeiboSDK */ = {
			isa = PBXGroup;
			children = (
				1417A9BF1EA72DED003931C5 /* libWeiboSDK.a */,
				1417A9C01EA72DED003931C5 /* WBHttpRequest+WeiboGame.h */,
				1417A9C11EA72DED003931C5 /* WBHttpRequest+WeiboShare.h */,
				1417A9C21EA72DED003931C5 /* WBHttpRequest+WeiboToken.h */,
				1417A9C31EA72DED003931C5 /* WBHttpRequest+WeiboUser.h */,
				1417A9C41EA72DED003931C5 /* WBHttpRequest.h */,
				1417A9C51EA72DED003931C5 /* WBSDKBasicButton.h */,
				1417A9C61EA72DED003931C5 /* WBSDKCommentButton.h */,
				1417A9C71EA72DED003931C5 /* WBSDKRelationshipButton.h */,
				1417A9C81EA72DED003931C5 /* WeiboSDK.bundle */,
				1417A9C91EA72DED003931C5 /* WeiboSDK.h */,
				1417A9CA1EA72DED003931C5 /* WeiboUser.h */,
			);
			path = libWeiboSDK;
			sourceTree = "<group>";
		};
		1417A9CD1EA72DED003931C5 /* WeiXin */ = {
			isa = PBXGroup;
			children = (
				1417A9CE1EA72DED003931C5 /* OpenSDK1.7.1 */,
				1417A9D41EA72DED003931C5 /* WeiXinActivity */,
				1417A9D81EA72DED003931C5 /* WeiXinshareDelegate.swift */,
				1417A9D91EA72DED003931C5 /* WeiXinShareHelp.swift */,
			);
			path = WeiXin;
			sourceTree = "<group>";
		};
		1417A9CE1EA72DED003931C5 /* OpenSDK1.7.1 */ = {
			isa = PBXGroup;
			children = (
				1417A9CF1EA72DED003931C5 /* libWeChatSDK.a */,
				1417A9D01EA72DED003931C5 /* README.txt */,
				1417A9D11EA72DED003931C5 /* WechatAuthSDK.h */,
				1417A9D21EA72DED003931C5 /* WXApi.h */,
				1417A9D31EA72DED003931C5 /* WXApiObject.h */,
			);
			path = OpenSDK1.7.1;
			sourceTree = "<group>";
		};
		1417A9D41EA72DED003931C5 /* WeiXinActivity */ = {
			isa = PBXGroup;
			children = (
				1417A9D51EA72DED003931C5 /* WeiXinActivity.bundle */,
				1417A9D61EA72DED003931C5 /* WeiXinActivity.strings */,
				1417A9D71EA72DED003931C5 /* WeiXinActivity.swift */,
			);
			path = WeiXinActivity;
			sourceTree = "<group>";
		};
		1417A9F01EA72E78003931C5 /* Color */ = {
			isa = PBXGroup;
			children = (
				1417A9F11EA72E78003931C5 /* UIColorExtension.swift */,
			);
			path = Color;
			sourceTree = "<group>";
		};
		143AA8EE1F989DFB00E05D0F /* View */ = {
			isa = PBXGroup;
			children = (
				143AA8EF1F989E1300E05D0F /* TUSearchBar.swift */,
			);
			path = View;
			sourceTree = "<group>";
		};
		1447AF3D1FCC163E00D9D514 /* Service */ = {
			isa = PBXGroup;
			children = (
				14CF044B1FCD0A7B0035BBC4 /* TUNetworkModelExtension.swift */,
				1447AF3E1FCC163E00D9D514 /* APIManager.swift */,
				14930D5D1FCE798400A8545B /* TUNetwork.swift */,
			);
			path = Service;
			sourceTree = "<group>";
		};
		1447AF401FCC17E200D9D514 /* ViewModel */ = {
			isa = PBXGroup;
			children = (
				1447AF411FCC17E200D9D514 /* MLHomeViewModel.swift */,
			);
			path = ViewModel;
			sourceTree = "<group>";
		};
		1488B5DA1EA4B8CF0096B0BE /* Resource */ = {
			isa = PBXGroup;
			children = (
				1488B5DB1EA4B8CF0096B0BE /* Agreement.txt */,
				1488B5DC1EA4B8CF0096B0BE /* TagList.plist */,
			);
			path = Resource;
			sourceTree = "<group>";
		};
		14CD20961EB869E700F0B920 /* Emoji */ = {
			isa = PBXGroup;
			children = (
				14CD20971EB869E700F0B920 /* Emoji.swift */,
				14CD20981EB869E700F0B920 /* String+Emoji.swift */,
			);
			path = Emoji;
			sourceTree = "<group>";
		};
		14D6FE031E9E0DEE0038C7D1 = {
			isa = PBXGroup;
			children = (
				14D6FE0E1E9E0DEE0038C7D1 /* MissGe */,
				14D6FE0D1E9E0DEE0038C7D1 /* Products */,
				10C8B53743C697D3B474A435 /* Pods */,
				E181E8C7DF945128DA886DD6 /* Frameworks */,
			);
			sourceTree = "<group>";
		};
		14D6FE0D1E9E0DEE0038C7D1 /* Products */ = {
			isa = PBXGroup;
			children = (
				14D6FE0C1E9E0DEE0038C7D1 /* MissGe.app */,
			);
			name = Products;
			sourceTree = "<group>";
		};
		14D6FE0E1E9E0DEE0038C7D1 /* MissGe */ = {
			isa = PBXGroup;
			children = (
				1417A9B61EA72DED003931C5 /* Share */,
				1488B5DA1EA4B8CF0096B0BE /* Resource */,
				14D6FEDC1E9E171A0038C7D1 /* Storyboard */,
				14D6FE211E9E0FFC0038C7D1 /* Class */,
				14D6FE161E9E0DEE0038C7D1 /* Assets.xcassets */,
				14F53D6C1EA45D3E00FBF649 /* MissGe-Bridging-Header.h */,
				14D6FE1B1E9E0DEE0038C7D1 /* Info.plist */,
				14BC8ED61EB304F700933E85 /* infoPlist.strings */,
			);
			path = MissGe;
			sourceTree = "<group>";
		};
		14D6FE211E9E0FFC0038C7D1 /* Class */ = {
			isa = PBXGroup;
			children = (
				1488B5D81EA4B0E10096B0BE /* AppDelegate.swift */,
				14D6FE221E9E0FFC0038C7D1 /* Extension */,
				14D6FE341E9E0FFC0038C7D1 /* Global */,
				14D6FE371E9E0FFC0038C7D1 /* Helper */,
				14D6FE391E9E0FFC0038C7D1 /* OpenLib */,
				14D6FE3A1E9E0FFC0038C7D1 /* Project */,
			);
			path = Class;
			sourceTree = "<group>";
		};
		14D6FE221E9E0FFC0038C7D1 /* Extension */ = {
			isa = PBXGroup;
			children = (
				1417A9F01EA72E78003931C5 /* Color */,
				14F53D841EA4639B00FBF649 /* NSDate */,
				14F53D661EA45C9A00FBF649 /* UITextView */,
				14D6FE231E9E0FFC0038C7D1 /* Alert */,
				14D6FE271E9E0FFC0038C7D1 /* HUD */,
				14D6FE2B1E9E0FFC0038C7D1 /* MJRefreshExt */,
				14D6FE2E1E9E0FFC0038C7D1 /* String */,
				14D6FE301E9E0FFC0038C7D1 /* UIView */,
			);
			path = Extension;
			sourceTree = "<group>";
		};
		14D6FE231E9E0FFC0038C7D1 /* Alert */ = {
			isa = PBXGroup;
			children = (
				14D6FE241E9E0FFC0038C7D1 /* AlertExt.swift */,
			);
			path = Alert;
			sourceTree = "<group>";
		};
		14D6FE271E9E0FFC0038C7D1 /* HUD */ = {
			isa = PBXGroup;
			children = (
				14D6FE281E9E0FFC0038C7D1 /* error@2x.png */,
				14D6FE291E9E0FFC0038C7D1 /* HUDExt.swift */,
				14D6FE2A1E9E0FFC0038C7D1 /* success@2x.png */,
			);
			path = HUD;
			sourceTree = "<group>";
		};
		14D6FE2B1E9E0FFC0038C7D1 /* MJRefreshExt */ = {
			isa = PBXGroup;
			children = (
				14D6FE2C1E9E0FFC0038C7D1 /* NormalFooterExt.swift */,
				14D6FE2D1E9E0FFC0038C7D1 /* NormalHeaderExt.swift */,
			);
			path = MJRefreshExt;
			sourceTree = "<group>";
		};
		14D6FE2E1E9E0FFC0038C7D1 /* String */ = {
			isa = PBXGroup;
			children = (
				14D6FE2F1E9E0FFC0038C7D1 /* StringExtensions.swift */,
			);
			path = String;
			sourceTree = "<group>";
		};
		14D6FE301E9E0FFC0038C7D1 /* UIView */ = {
			isa = PBXGroup;
			children = (
				14D6FE311E9E0FFC0038C7D1 /* UIViewBlurExt.swift */,
				14D6FE321E9E0FFC0038C7D1 /* UIViewCornerExt.swift */,
				14D6FE331E9E0FFC0038C7D1 /* UIViewExt.swift */,
			);
			path = UIView;
			sourceTree = "<group>";
		};
		14D6FE341E9E0FFC0038C7D1 /* Global */ = {
			isa = PBXGroup;
			children = (
				14D6FE351E9E0FFC0038C7D1 /* Global.swift */,
				14D6FE361E9E0FFC0038C7D1 /* ProjetGlobal.swift */,
			);
			path = Global;
			sourceTree = "<group>";
		};
		14D6FE371E9E0FFC0038C7D1 /* Helper */ = {
			isa = PBXGroup;
			children = (
				14CD20961EB869E700F0B920 /* Emoji */,
				14D6FE381E9E0FFC0038C7D1 /* PhotoAlbumHelper.swift */,
				14D6FEEF1E9E17B70038C7D1 /* KeychainTool.swift */,
				14D6FF091E9F4F230038C7D1 /* JokeHelper.swift */,
				1471CB261EAEF28900226C56 /* XHCustomSegue.swift */,
				1471CB281EAF0B9600226C56 /* XHUploadImagesHelper.swift */,
				1471CB2A1EAF2A9F00226C56 /* XHImageCompressHelper.swift */,
				14C446031ECD650D0014DF0E /* XHImageGifHelper.swift */,
			);
			path = Helper;
			sourceTree = "<group>";
		};
		14D6FE391E9E0FFC0038C7D1 /* OpenLib */ = {
			isa = PBXGroup;
			children = (
				14F53D7B1EA4615F00FBF649 /* IBDesignable */,
				14F53D771EA460A900FBF649 /* AdvertiseView */,
				14F53D731EA4604800FBF649 /* GMBScrollAdView */,
			);
			path = OpenLib;
			sourceTree = "<group>";
		};
		14D6FE3A1E9E0FFC0038C7D1 /* Project */ = {
			isa = PBXGroup;
			children = (
				1447AF3D1FCC163E00D9D514 /* Service */,
				14D6FE3B1E9E0FFC0038C7D1 /* Model */,
				14D6FE3C1E9E0FFC0038C7D1 /* Request */,
				14D6FE551E9E0FFC0038C7D1 /* UI */,
			);
			path = Project;
			sourceTree = "<group>";
		};
		14D6FE3B1E9E0FFC0038C7D1 /* Model */ = {
			isa = PBXGroup;
			children = (
				14D6FEF61E9E367C0038C7D1 /* Account */,
				14D6FEF71E9E367C0038C7D1 /* Discover */,
				14D6FEF81E9E367C0038C7D1 /* Home */,
				14D6FEF91E9E367C0038C7D1 /* Square */,
			);
			path = Model;
			sourceTree = "<group>";
		};
		14D6FE3C1E9E0FFC0038C7D1 /* Request */ = {
			isa = PBXGroup;
			children = (
				14D6FE3D1E9E0FFC0038C7D1 /* Account */,
				14D6FE401E9E0FFC0038C7D1 /* Discover */,
				14D6FE431E9E0FFC0038C7D1 /* Home */,
				14D6FE4C1E9E0FFC0038C7D1 /* Mine */,
				14D6FE4E1E9E0FFC0038C7D1 /* MLBaseRequest.swift */,
				14D6FE4F1E9E0FFC0038C7D1 /* MLNetConfig.swift */,
				14D6FE501E9E0FFC0038C7D1 /* MLRequestHelper.swift */,
				14D6FE511E9E0FFC0038C7D1 /* Square */,
			);
			path = Request;
			sourceTree = "<group>";
		};
		14D6FE3D1E9E0FFC0038C7D1 /* Account */ = {
			isa = PBXGroup;
			children = (
				14D6FE3E1E9E0FFC0038C7D1 /* MLLoginRequest.swift */,
				14D6FE3F1E9E0FFC0038C7D1 /* MLUserRequest.swift */,
			);
			path = Account;
			sourceTree = "<group>";
		};
		14D6FE401E9E0FFC0038C7D1 /* Discover */ = {
			isa = PBXGroup;
			children = (
				14D6FE411E9E0FFC0038C7D1 /* MLDiscoverDetailRequest.swift */,
				14D6FE421E9E0FFC0038C7D1 /* MLDiscoverRequest.swift */,
			);
			path = Discover;
			sourceTree = "<group>";
		};
		14D6FE431E9E0FFC0038C7D1 /* Home */ = {
			isa = PBXGroup;
			children = (
				14D6FE471E9E0FFC0038C7D1 /* MLHomeCommentListRequest.swift */,
				14D6FE481E9E0FFC0038C7D1 /* MLHomeCommentRequest.swift */,
				14D6FE491E9E0FFC0038C7D1 /* MLHomeDetailRequest.swift */,
				14D6FE4A1E9E0FFC0038C7D1 /* MLHomeFavoriteRequest.swift */,
				14D6FE4B1E9E0FFC0038C7D1 /* MLLikeRequest.swift */,
			);
			path = Home;
			sourceTree = "<group>";
		};
		14D6FE4C1E9E0FFC0038C7D1 /* Mine */ = {
			isa = PBXGroup;
			children = (
				14D6FE4D1E9E0FFC0038C7D1 /* MLMineRequest.swift */,
			);
			path = Mine;
			sourceTree = "<group>";
		};
		14D6FE511E9E0FFC0038C7D1 /* Square */ = {
			isa = PBXGroup;
			children = (
				14D6FE521E9E0FFC0038C7D1 /* MLPostTopicRequest.swift */,
				14D6FE531E9E0FFC0038C7D1 /* MLSquareRequest.swift */,
				14D6FE541E9E0FFC0038C7D1 /* MLTopicCommentListRequest.swift */,
			);
			path = Square;
			sourceTree = "<group>";
		};
		14D6FE551E9E0FFC0038C7D1 /* UI */ = {
			isa = PBXGroup;
			children = (
				1447AF401FCC17E200D9D514 /* ViewModel */,
				143AA8EE1F989DFB00E05D0F /* View */,
				14D6FE561E9E0FFC0038C7D1 /* Base */,
				14D6FE5D1E9E0FFC0038C7D1 /* Cell */,
				14D6FE671E9E0FFC0038C7D1 /* Controller */,
			);
			path = UI;
			sourceTree = "<group>";
		};
		14D6FE561E9E0FFC0038C7D1 /* Base */ = {
			isa = PBXGroup;
			children = (
				14D6FE571E9E0FFC0038C7D1 /* BaseNavigationController.swift */,
				14D6FE581E9E0FFC0038C7D1 /* BaseTabBarController.swift */,
				14D6FE591E9E0FFC0038C7D1 /* BaseViewController.swift */,
				14D6FE5A1E9E0FFC0038C7D1 /* BaseWebViewController.swift */,
				14D6FE5B1E9E0FFC0038C7D1 /* MLBaseNavigationController.swift */,
				14D6FE5C1E9E0FFC0038C7D1 /* ScrollDrectionChangeProtocol.swift */,
				1417A9B21EA70CD9003931C5 /* TUBaseTableView.swift */,
				1417A9B41EA70CE9003931C5 /* TUBaseTableViewCell.swift */,
			);
			path = Base;
			sourceTree = "<group>";
		};
		14D6FE5D1E9E0FFC0038C7D1 /* Cell */ = {
			isa = PBXGroup;
			children = (
				14D6FE5E1E9E0FFC0038C7D1 /* MLDiscoverCell.swift */,
				14D6FE5F1E9E0FFC0038C7D1 /* MLDiscoverHeaderCell.swift */,
				14D6FE601E9E0FFC0038C7D1 /* MLHomePageAlbumCell.swift */,
				14D6FE611E9E0FFC0038C7D1 /* MLHomePageCell.swift */,
				14D6FE621E9E0FFC0038C7D1 /* MLTopicCell.swift */,
				14D6FE631E9E0FFC0038C7D1 /* MLTopicCellLayout.swift */,
				14D6FE641E9E0FFC0038C7D1 /* MLTopicCommentCell.swift */,
				14D6FE651E9E0FFC0038C7D1 /* MLTopicCommentCellLayout.swift */,
				14D6FE661E9E0FFC0038C7D1 /* MLUserFansCell.swift */,
				144B6A0C1EA451A70000BB1B /* TZTestCell.swift */,
			);
			path = Cell;
			sourceTree = "<group>";
		};
		14D6FE671E9E0FFC0038C7D1 /* Controller */ = {
			isa = PBXGroup;
			children = (
				14D6FE681E9E0FFC0038C7D1 /* Account */,
				14D6FE6C1E9E0FFC0038C7D1 /* Discover */,
				14D6FE701E9E0FFC0038C7D1 /* Home */,
				14D6FE751E9E0FFC0038C7D1 /* Mine */,
				14D6FE7E1E9E0FFC0038C7D1 /* Square */,
			);
			path = Controller;
			sourceTree = "<group>";
		};
		14D6FE681E9E0FFC0038C7D1 /* Account */ = {
			isa = PBXGroup;
			children = (
				14D6FE691E9E0FFC0038C7D1 /* MLFindPasswordController.swift */,
				14D6FE6A1E9E0FFC0038C7D1 /* MLLoginController.swift */,
				14D6FE6B1E9E0FFC0038C7D1 /* MLRegisterController.swift */,
			);
			path = Account;
			sourceTree = "<group>";
		};
		14D6FE6C1E9E0FFC0038C7D1 /* Discover */ = {
			isa = PBXGroup;
			children = (
				14D6FE6D1E9E0FFC0038C7D1 /* MLDiscoverController.swift */,
				14D6FE6E1E9E0FFC0038C7D1 /* MLDiscoverMoreController.swift */,
			);
			path = Discover;
			sourceTree = "<group>";
		};
		14D6FE701E9E0FFC0038C7D1 /* Home */ = {
			isa = PBXGroup;
			children = (
				14D6FE711E9E0FFC0038C7D1 /* HomeViewController.swift */,
				14D6FE721E9E0FFC0038C7D1 /* MLHomeCommentController.swift */,
				14D6FE731E9E0FFC0038C7D1 /* MLHomeDetailController.swift */,
				14D6FE741E9E0FFC0038C7D1 /* MLHomeSubjectController.swift */,
			);
			path = Home;
			sourceTree = "<group>";
		};
		14D6FE751E9E0FFC0038C7D1 /* Mine */ = {
			isa = PBXGroup;
			children = (
				14D6FE761E9E0FFC0038C7D1 /* MLMineMessageController.swift */,
				14D6FE771E9E0FFC0038C7D1 /* MLMineSquareController.swift */,
				14D6FE781E9E0FFC0038C7D1 /* MLMineViewController.swift */,
				14D6FE791E9E0FFC0038C7D1 /* MLProtocolViewController.swift */,
				14D6FE7A1E9E0FFC0038C7D1 /* MLSettingViewController.swift */,
				14D6FE7B1E9E0FFC0038C7D1 /* MLUserController.swift */,
				14D6FE7C1E9E0FFC0038C7D1 /* MLUserEditController.swift */,
				14D6FE7D1E9E0FFC0038C7D1 /* MLUserFansController.swift */,
				14C1DA111ECE930500517155 /* MLMineFavoriteController.swift */,
				14C1DA151ECE98AC00517155 /* MLMineCommentController.swift */,
			);
			path = Mine;
			sourceTree = "<group>";
		};
		14D6FE7E1E9E0FFC0038C7D1 /* Square */ = {
			isa = PBXGroup;
			children = (
				14D6FE7F1E9E0FFC0038C7D1 /* MLPostTopicController.swift */,
				14D6FE801E9E0FFC0038C7D1 /* MLSquareViewController.swift */,
				14D6FE811E9E0FFC0038C7D1 /* MLTopicDetailController.swift */,
			);
			path = Square;
			sourceTree = "<group>";
		};
		14D6FEDC1E9E171A0038C7D1 /* Storyboard */ = {
			isa = PBXGroup;
			children = (
				14D6FE131E9E0DEE0038C7D1 /* Main.storyboard */,
				14D6FE181E9E0DEE0038C7D1 /* LaunchScreen.storyboard */,
				14D6FEDD1E9E171A0038C7D1 /* Account.storyboard */,
				14D6FEDE1E9E171A0038C7D1 /* HomeComment.storyboard */,
				14D6FEDF1E9E171A0038C7D1 /* HomeDetail.storyboard */,
				14D6FEE01E9E171A0038C7D1 /* Protocol.storyboard */,
				14D6FEE11E9E171A0038C7D1 /* Publish.storyboard */,
				14D6FEE31E9E171A0038C7D1 /* Subject.storyboard */,
				14D6FEE41E9E171A0038C7D1 /* TopicDetail.storyboard */,
				14D6FEE51E9E171A0038C7D1 /* User.storyboard */,
				14C1DA131ECE952600517155 /* PhotoBrowser.storyboard */,
			);
			path = Storyboard;
			sourceTree = "<group>";
		};
		14D6FEF61E9E367C0038C7D1 /* Account */ = {
			isa = PBXGroup;
			children = (
				14D6FEFC1E9E51940038C7D1 /* MLUserModel.swift */,
			);
			path = Account;
			sourceTree = "<group>";
		};
		14D6FEF71E9E367C0038C7D1 /* Discover */ = {
			isa = PBXGroup;
			children = (
				14D6FF071E9F4AB20038C7D1 /* MLDiscoverTagModel.swift */,
			);
			path = Discover;
			sourceTree = "<group>";
		};
		14D6FEF81E9E367C0038C7D1 /* Home */ = {
			isa = PBXGroup;
			children = (
				14D6FEFA1E9E51230038C7D1 /* MLHomeDetailModel.swift */,
				14D6FF011E9F174E0038C7D1 /* MLHomePageModel.swift */,
			);
			path = Home;
			sourceTree = "<group>";
		};
		14D6FEF91E9E367C0038C7D1 /* Square */ = {
			isa = PBXGroup;
			children = (
				14D6FF031E9F213A0038C7D1 /* MLSquareModel.swift */,
				14D6FF051E9F2C130038C7D1 /* MLTopicCommentModel.swift */,
			);
			path = Square;
			sourceTree = "<group>";
		};
		14ECBAC51EDFFD3F0090156A /* TUIBTextField */ = {
			isa = PBXGroup;
			children = (
				14ECBAC61EDFFD3F0090156A /* TUIBTextField.h */,
				14ECBAC71EDFFD3F0090156A /* TUIBTextField.m */,
			);
			path = TUIBTextField;
			sourceTree = "<group>";
		};
		14F53D661EA45C9A00FBF649 /* UITextView */ = {
			isa = PBXGroup;
			children = (
				14F53D681EA45CD800FBF649 /* UITextView+Placeholder.h */,
				14F53D691EA45CD800FBF649 /* UITextView+Placeholder.m */,
			);
			path = UITextView;
			sourceTree = "<group>";
		};
		14F53D731EA4604800FBF649 /* GMBScrollAdView */ = {
			isa = PBXGroup;
			children = (
				14F53D741EA4604800FBF649 /* GMBScrollAdView.h */,
				14F53D751EA4604800FBF649 /* GMBScrollAdView.m */,
			);
			path = GMBScrollAdView;
			sourceTree = "<group>";
		};
		14F53D771EA460A900FBF649 /* AdvertiseView */ = {
			isa = PBXGroup;
			children = (
				14F53D781EA460A900FBF649 /* AdvertiseView.h */,
				14F53D791EA460A900FBF649 /* AdvertiseView.m */,
			);
			path = AdvertiseView;
			sourceTree = "<group>";
		};
		14F53D7B1EA4615F00FBF649 /* IBDesignable */ = {
			isa = PBXGroup;
			children = (
				14ECBAC51EDFFD3F0090156A /* TUIBTextField */,
				14F53D7C1EA4615F00FBF649 /* TUConstant */,
				14F53D7F1EA4615F00FBF649 /* TUIBButton */,
			);
			path = IBDesignable;
			sourceTree = "<group>";
		};
		14F53D7C1EA4615F00FBF649 /* TUConstant */ = {
			isa = PBXGroup;
			children = (
				14F53D7D1EA4615F00FBF649 /* IBDesignableOnePixelConstant.h */,
				14F53D7E1EA4615F00FBF649 /* IBDesignableOnePixelConstant.m */,
			);
			path = TUConstant;
			sourceTree = "<group>";
		};
		14F53D7F1EA4615F00FBF649 /* TUIBButton */ = {
			isa = PBXGroup;
			children = (
				14F53D801EA4615F00FBF649 /* TUIBButton.h */,
				14F53D811EA4615F00FBF649 /* TUIBButton.m */,
			);
			path = TUIBButton;
			sourceTree = "<group>";
		};
		14F53D841EA4639B00FBF649 /* NSDate */ = {
			isa = PBXGroup;
			children = (
				14F53D871EA4639B00FBF649 /* NSDate+Utilities.h */,
				14F53D881EA4639B00FBF649 /* NSDate+Utilities.m */,
				14F53D891EA4639B00FBF649 /* NSDateFormatter+Category.h */,
				14F53D8A1EA4639B00FBF649 /* NSDateFormatter+Category.m */,
			);
			path = NSDate;
			sourceTree = "<group>";
		};
		E181E8C7DF945128DA886DD6 /* Frameworks */ = {
			isa = PBXGroup;
			children = (
				1417A9EE1EA72E33003931C5 /* libstdc++.tbd */,
				1417A9EC1EA72E1F003931C5 /* libz.tbd */,
				1417A9EA1EA72E16003931C5 /* libsqlite3.tbd */,
				519CCE7A7316DB5D50DB38D1 /* Pods_MissGe.framework */,
			);
			name = Frameworks;
			sourceTree = "<group>";
		};
/* End PBXGroup section */

/* Begin PBXNativeTarget section */
		14D6FE0B1E9E0DEE0038C7D1 /* MissGe */ = {
			isa = PBXNativeTarget;
			buildConfigurationList = 14D6FE1E1E9E0DEE0038C7D1 /* Build configuration list for PBXNativeTarget "MissGe" */;
			buildPhases = (
				2590749EA80177061F66292D /* [CP] Check Pods Manifest.lock */,
				14D6FE081E9E0DEE0038C7D1 /* Sources */,
				14D6FE091E9E0DEE0038C7D1 /* Frameworks */,
				14D6FE0A1E9E0DEE0038C7D1 /* Resources */,
				D074402B43708EFC9CEA36FB /* [CP] Embed Pods Frameworks */,
				F1ECEAA1885992099D239FEB /* [CP] Copy Pods Resources */,
			);
			buildRules = (
			);
			dependencies = (
			);
			name = MissGe;
			productName = MissGe;
			productReference = 14D6FE0C1E9E0DEE0038C7D1 /* MissGe.app */;
			productType = "com.apple.product-type.application";
		};
/* End PBXNativeTarget section */

/* Begin PBXProject section */
		14D6FE041E9E0DEE0038C7D1 /* Project object */ = {
			isa = PBXProject;
			attributes = {
				LastSwiftUpdateCheck = 0830;
				LastUpgradeCheck = 0900;
				ORGANIZATIONNAME = cn;
				TargetAttributes = {
					14D6FE0B1E9E0DEE0038C7D1 = {
						CreatedOnToolsVersion = 8.3;
						DevelopmentTeam = 23ZQ26R8J4;
						LastSwiftMigration = 0830;
						ProvisioningStyle = Automatic;
					};
				};
			};
			buildConfigurationList = 14D6FE071E9E0DEE0038C7D1 /* Build configuration list for PBXProject "MissGe" */;
			compatibilityVersion = "Xcode 3.2";
			developmentRegion = English;
			hasScannedForEncodings = 0;
			knownRegions = (
				en,
				Base,
			);
			mainGroup = 14D6FE031E9E0DEE0038C7D1;
			productRefGroup = 14D6FE0D1E9E0DEE0038C7D1 /* Products */;
			projectDirPath = "";
			projectRoot = "";
			targets = (
				14D6FE0B1E9E0DEE0038C7D1 /* MissGe */,
			);
		};
/* End PBXProject section */

/* Begin PBXResourcesBuildPhase section */
		14D6FE0A1E9E0DEE0038C7D1 /* Resources */ = {
			isa = PBXResourcesBuildPhase;
			buildActionMask = 2147483647;
			files = (
				14C1DA141ECE952600517155 /* PhotoBrowser.storyboard in Resources */,
				1417A9DD1EA72DED003931C5 /* TencentOpenApi_IOS_Bundle.bundle in Resources */,
				14D6FEE81E9E171A0038C7D1 /* HomeDetail.storyboard in Resources */,
				14D6FEEC1E9E171A0038C7D1 /* Subject.storyboard in Resources */,
				14D6FE1A1E9E0DEE0038C7D1 /* LaunchScreen.storyboard in Resources */,
				14D6FE171E9E0DEE0038C7D1 /* Assets.xcassets in Resources */,
				1417A9E01EA72DED003931C5 /* WeiboSDK.bundle in Resources */,
				1417A9E51EA72DED003931C5 /* WeiXinActivity.bundle in Resources */,
				14D6FE861E9E0FFC0038C7D1 /* success@2x.png in Resources */,
				14D6FEEE1E9E171A0038C7D1 /* User.storyboard in Resources */,
				14D6FEEA1E9E171A0038C7D1 /* Publish.storyboard in Resources */,
				14D6FE151E9E0DEE0038C7D1 /* Main.storyboard in Resources */,
				1488B5DD1EA4B8CF0096B0BE /* Agreement.txt in Resources */,
				14D6FEE71E9E171A0038C7D1 /* HomeComment.storyboard in Resources */,
				1417A9E61EA72DED003931C5 /* WeiXinActivity.strings in Resources */,
				14D6FEE91E9E171A0038C7D1 /* Protocol.storyboard in Resources */,
				14D6FEE61E9E171A0038C7D1 /* Account.storyboard in Resources */,
				14D6FEED1E9E171A0038C7D1 /* TopicDetail.storyboard in Resources */,
				1417A9E41EA72DED003931C5 /* README.txt in Resources */,
				14BC8ED41EB304F700933E85 /* infoPlist.strings in Resources */,
				14D6FE841E9E0FFC0038C7D1 /* error@2x.png in Resources */,
				1488B5DE1EA4B8CF0096B0BE /* TagList.plist in Resources */,
			);
			runOnlyForDeploymentPostprocessing = 0;
		};
/* End PBXResourcesBuildPhase section */

/* Begin PBXShellScriptBuildPhase section */
		2590749EA80177061F66292D /* [CP] Check Pods Manifest.lock */ = {
			isa = PBXShellScriptBuildPhase;
			buildActionMask = 2147483647;
			files = (
			);
			inputPaths = (
				"${PODS_PODFILE_DIR_PATH}/Podfile.lock",
				"${PODS_ROOT}/Manifest.lock",
			);
			name = "[CP] Check Pods Manifest.lock";
			outputPaths = (
				"$(DERIVED_FILE_DIR)/Pods-MissGe-checkManifestLockResult.txt",
			);
			runOnlyForDeploymentPostprocessing = 0;
			shellPath = /bin/sh;
			shellScript = "diff \"${PODS_PODFILE_DIR_PATH}/Podfile.lock\" \"${PODS_ROOT}/Manifest.lock\" > /dev/null\nif [ $? != 0 ] ; then\n    # print error to STDERR\n    echo \"error: The sandbox is not in sync with the Podfile.lock. Run 'pod install' or update your CocoaPods installation.\" >&2\n    exit 1\nfi\n# This output is used by Xcode 'outputs' to avoid re-running this script phase.\necho \"SUCCESS\" > \"${SCRIPT_OUTPUT_FILE_0}\"\n";
			showEnvVarsInLog = 0;
		};
		D074402B43708EFC9CEA36FB /* [CP] Embed Pods Frameworks */ = {
			isa = PBXShellScriptBuildPhase;
			buildActionMask = 2147483647;
			files = (
			);
			inputPaths = (
				"${SRCROOT}/Pods/Target Support Files/Pods-MissGe/Pods-MissGe-frameworks.sh",
				"${BUILT_PRODUCTS_DIR}/AFNetworking/AFNetworking.framework",
				"${BUILT_PRODUCTS_DIR}/Alamofire/Alamofire.framework",
				"${BUILT_PRODUCTS_DIR}/Differentiator/Differentiator.framework",
				"${BUILT_PRODUCTS_DIR}/ESTabBarController-swift/ESTabBarController_swift.framework",
				"${BUILT_PRODUCTS_DIR}/FXBlurView/FXBlurView.framework",
				"${BUILT_PRODUCTS_DIR}/KeychainAccess/KeychainAccess.framework",
				"${BUILT_PRODUCTS_DIR}/MJRefresh/MJRefresh.framework",
				"${BUILT_PRODUCTS_DIR}/Moya/Moya.framework",
				"${BUILT_PRODUCTS_DIR}/ObjectMapper/ObjectMapper.framework",
				"${BUILT_PRODUCTS_DIR}/Result/Result.framework",
				"${BUILT_PRODUCTS_DIR}/RxCocoa/RxCocoa.framework",
				"${BUILT_PRODUCTS_DIR}/RxDataSources/RxDataSources.framework",
				"${BUILT_PRODUCTS_DIR}/RxSwift/RxSwift.framework",
				"${BUILT_PRODUCTS_DIR}/SVProgressHUD/SVProgressHUD.framework",
				"${BUILT_PRODUCTS_DIR}/TUNetworking/TUNetworking.framework",
				"${BUILT_PRODUCTS_DIR}/TU_TZImagePickerController/TU_TZImagePickerController.framework",
				"${BUILT_PRODUCTS_DIR}/XHPhotoBrowser/XHPhotoBrowser.framework",
				"${BUILT_PRODUCTS_DIR}/YYCache/YYCache.framework",
				"${BUILT_PRODUCTS_DIR}/YYImage/YYImage.framework",
				"${BUILT_PRODUCTS_DIR}/YYText/YYText.framework",
				"${BUILT_PRODUCTS_DIR}/YYWebImage/YYWebImage.framework",
			);
			name = "[CP] Embed Pods Frameworks";
			outputPaths = (
				"${TARGET_BUILD_DIR}/${FRAMEWORKS_FOLDER_PATH}/AFNetworking.framework",
				"${TARGET_BUILD_DIR}/${FRAMEWORKS_FOLDER_PATH}/Alamofire.framework",
				"${TARGET_BUILD_DIR}/${FRAMEWORKS_FOLDER_PATH}/Differentiator.framework",
				"${TARGET_BUILD_DIR}/${FRAMEWORKS_FOLDER_PATH}/ESTabBarController_swift.framework",
				"${TARGET_BUILD_DIR}/${FRAMEWORKS_FOLDER_PATH}/FXBlurView.framework",
				"${TARGET_BUILD_DIR}/${FRAMEWORKS_FOLDER_PATH}/KeychainAccess.framework",
				"${TARGET_BUILD_DIR}/${FRAMEWORKS_FOLDER_PATH}/MJRefresh.framework",
				"${TARGET_BUILD_DIR}/${FRAMEWORKS_FOLDER_PATH}/Moya.framework",
				"${TARGET_BUILD_DIR}/${FRAMEWORKS_FOLDER_PATH}/ObjectMapper.framework",
				"${TARGET_BUILD_DIR}/${FRAMEWORKS_FOLDER_PATH}/Result.framework",
				"${TARGET_BUILD_DIR}/${FRAMEWORKS_FOLDER_PATH}/RxCocoa.framework",
				"${TARGET_BUILD_DIR}/${FRAMEWORKS_FOLDER_PATH}/RxDataSources.framework",
				"${TARGET_BUILD_DIR}/${FRAMEWORKS_FOLDER_PATH}/RxSwift.framework",
				"${TARGET_BUILD_DIR}/${FRAMEWORKS_FOLDER_PATH}/SVProgressHUD.framework",
				"${TARGET_BUILD_DIR}/${FRAMEWORKS_FOLDER_PATH}/TUNetworking.framework",
				"${TARGET_BUILD_DIR}/${FRAMEWORKS_FOLDER_PATH}/TU_TZImagePickerController.framework",
				"${TARGET_BUILD_DIR}/${FRAMEWORKS_FOLDER_PATH}/XHPhotoBrowser.framework",
				"${TARGET_BUILD_DIR}/${FRAMEWORKS_FOLDER_PATH}/YYCache.framework",
				"${TARGET_BUILD_DIR}/${FRAMEWORKS_FOLDER_PATH}/YYImage.framework",
				"${TARGET_BUILD_DIR}/${FRAMEWORKS_FOLDER_PATH}/YYText.framework",
				"${TARGET_BUILD_DIR}/${FRAMEWORKS_FOLDER_PATH}/YYWebImage.framework",
			);
			runOnlyForDeploymentPostprocessing = 0;
			shellPath = /bin/sh;
			shellScript = "\"${SRCROOT}/Pods/Target Support Files/Pods-MissGe/Pods-MissGe-frameworks.sh\"\n";
			showEnvVarsInLog = 0;
		};
		F1ECEAA1885992099D239FEB /* [CP] Copy Pods Resources */ = {
			isa = PBXShellScriptBuildPhase;
			buildActionMask = 2147483647;
			files = (
			);
			inputPaths = (
				"${SRCROOT}/Pods/Target Support Files/Pods-MissGe/Pods-MissGe-resources.sh",
				"${PODS_ROOT}/Bugtags/Bugtags.bundle",
			);
			name = "[CP] Copy Pods Resources";
			outputPaths = (
				"${TARGET_BUILD_DIR}/${UNLOCALIZED_RESOURCES_FOLDER_PATH}",
			);
			runOnlyForDeploymentPostprocessing = 0;
			shellPath = /bin/sh;
			shellScript = "\"${SRCROOT}/Pods/Target Support Files/Pods-MissGe/Pods-MissGe-resources.sh\"\n";
			showEnvVarsInLog = 0;
		};
/* End PBXShellScriptBuildPhase section */

/* Begin PBXSourcesBuildPhase section */
		14D6FE081E9E0DEE0038C7D1 /* Sources */ = {
			isa = PBXSourcesBuildPhase;
			buildActionMask = 2147483647;
			files = (
				14D6FE891E9E0FFC0038C7D1 /* StringExtensions.swift in Sources */,
				14F53D831EA4615F00FBF649 /* TUIBButton.m in Sources */,
				14D6FE9C1E9E0FFC0038C7D1 /* MLMineRequest.swift in Sources */,
				14C446041ECD650D0014DF0E /* XHImageGifHelper.swift in Sources */,
				14D6FE981E9E0FFC0038C7D1 /* MLHomeCommentRequest.swift in Sources */,
				14D6FEA11E9E0FFC0038C7D1 /* MLSquareRequest.swift in Sources */,
				14D6FEB31E9E0FFC0038C7D1 /* MLLoginController.swift in Sources */,
				14D6FE9E1E9E0FFC0038C7D1 /* MLNetConfig.swift in Sources */,
				14D6FEAE1E9E0FFC0038C7D1 /* MLTopicCellLayout.swift in Sources */,
				14D6FEA51E9E0FFC0038C7D1 /* BaseViewController.swift in Sources */,
				14D6FE991E9E0FFC0038C7D1 /* MLHomeDetailRequest.swift in Sources */,
				14D6FE8E1E9E0FFC0038C7D1 /* ProjetGlobal.swift in Sources */,
				14D6FEA41E9E0FFC0038C7D1 /* BaseTabBarController.swift in Sources */,
				14D6FE9F1E9E0FFC0038C7D1 /* MLRequestHelper.swift in Sources */,
				14D6FE821E9E0FFC0038C7D1 /* AlertExt.swift in Sources */,
				14D6FEC11E9E0FFC0038C7D1 /* MLUserController.swift in Sources */,
				1417A9E11EA72DED003931C5 /* SinaShareDelegate.swift in Sources */,
				14D6FE881E9E0FFC0038C7D1 /* NormalHeaderExt.swift in Sources */,
				14D6FE8B1E9E0FFC0038C7D1 /* UIViewCornerExt.swift in Sources */,
				14D6FEAF1E9E0FFC0038C7D1 /* MLTopicCommentCell.swift in Sources */,
				1417A9B51EA70CE9003931C5 /* TUBaseTableViewCell.swift in Sources */,
				14D6FEB91E9E0FFC0038C7D1 /* MLHomeCommentController.swift in Sources */,
				14D6FE931E9E0FFC0038C7D1 /* MLDiscoverRequest.swift in Sources */,
				14D6FEA71E9E0FFC0038C7D1 /* MLBaseNavigationController.swift in Sources */,
				14D6FEBE1E9E0FFC0038C7D1 /* MLMineViewController.swift in Sources */,
				1417A9B31EA70CD9003931C5 /* TUBaseTableView.swift in Sources */,
				14D6FEA91E9E0FFC0038C7D1 /* MLDiscoverCell.swift in Sources */,
				14D6FEA21E9E0FFC0038C7D1 /* MLTopicCommentListRequest.swift in Sources */,
				1417A9F21EA72E78003931C5 /* UIColorExtension.swift in Sources */,
				14D6FEBD1E9E0FFC0038C7D1 /* MLMineSquareController.swift in Sources */,
				14D6FEB61E9E0FFC0038C7D1 /* MLDiscoverMoreController.swift in Sources */,
				14D6FEA31E9E0FFC0038C7D1 /* BaseNavigationController.swift in Sources */,
				14F53D8C1EA4639B00FBF649 /* NSDate+Utilities.m in Sources */,
				14D6FEC51E9E0FFC0038C7D1 /* MLSquareViewController.swift in Sources */,
				14D6FEAA1E9E0FFC0038C7D1 /* MLDiscoverHeaderCell.swift in Sources */,
				1488B5D91EA4B0E10096B0BE /* AppDelegate.swift in Sources */,
				14D6FEC61E9E0FFC0038C7D1 /* MLTopicDetailController.swift in Sources */,
				14CD209A1EB869E700F0B920 /* String+Emoji.swift in Sources */,
				1471CB291EAF0B9600226C56 /* XHUploadImagesHelper.swift in Sources */,
				14D6FE8C1E9E0FFC0038C7D1 /* UIViewExt.swift in Sources */,
				14D6FEB41E9E0FFC0038C7D1 /* MLRegisterController.swift in Sources */,
				14D6FE901E9E0FFC0038C7D1 /* MLLoginRequest.swift in Sources */,
				14D6FE921E9E0FFC0038C7D1 /* MLDiscoverDetailRequest.swift in Sources */,
				14D6FF041E9F213A0038C7D1 /* MLSquareModel.swift in Sources */,
				1417A9DB1EA72DED003931C5 /* QQShareHelp.swift in Sources */,
				14D6FF061E9F2C130038C7D1 /* MLTopicCommentModel.swift in Sources */,
				14D6FEC41E9E0FFC0038C7D1 /* MLPostTopicController.swift in Sources */,
				14F53D7A1EA460A900FBF649 /* AdvertiseView.m in Sources */,
				14D6FE971E9E0FFC0038C7D1 /* MLHomeCommentListRequest.swift in Sources */,
				14D6FEC01E9E0FFC0038C7D1 /* MLSettingViewController.swift in Sources */,
				14D6FEB51E9E0FFC0038C7D1 /* MLDiscoverController.swift in Sources */,
				14D6FEBF1E9E0FFC0038C7D1 /* MLProtocolViewController.swift in Sources */,
				14ECBAC81EDFFD3F0090156A /* TUIBTextField.m in Sources */,
				14D6FE8A1E9E0FFC0038C7D1 /* UIViewBlurExt.swift in Sources */,
				14D6FEA81E9E0FFC0038C7D1 /* ScrollDrectionChangeProtocol.swift in Sources */,
				14D6FE8F1E9E0FFC0038C7D1 /* PhotoAlbumHelper.swift in Sources */,
				14D6FEAD1E9E0FFC0038C7D1 /* MLTopicCell.swift in Sources */,
				14D6FEB21E9E0FFC0038C7D1 /* MLFindPasswordController.swift in Sources */,
				14D6FEBB1E9E0FFC0038C7D1 /* MLHomeSubjectController.swift in Sources */,
				14D6FE8D1E9E0FFC0038C7D1 /* Global.swift in Sources */,
				14D6FE9D1E9E0FFC0038C7D1 /* MLBaseRequest.swift in Sources */,
				14D6FEBC1E9E0FFC0038C7D1 /* MLMineMessageController.swift in Sources */,
				14930D5E1FCE798400A8545B /* TUNetwork.swift in Sources */,
				1417A9E21EA72DED003931C5 /* SinaShareHelp.swift in Sources */,
				1417A9E81EA72DED003931C5 /* WeiXinshareDelegate.swift in Sources */,
				14D6FEC21E9E0FFC0038C7D1 /* MLUserEditController.swift in Sources */,
				1471CB2B1EAF2A9F00226C56 /* XHImageCompressHelper.swift in Sources */,
				14CD20991EB869E700F0B920 /* Emoji.swift in Sources */,
				14F53D6A1EA45CD800FBF649 /* UITextView+Placeholder.m in Sources */,
				1417A9E91EA72DED003931C5 /* WeiXinShareHelp.swift in Sources */,
				14D6FEB81E9E0FFC0038C7D1 /* HomeViewController.swift in Sources */,
				14D6FE9B1E9E0FFC0038C7D1 /* MLLikeRequest.swift in Sources */,
				1417A9DE1EA72DED003931C5 /* ShareManager.swift in Sources */,
				14D6FE871E9E0FFC0038C7D1 /* NormalFooterExt.swift in Sources */,
				1417A9E71EA72DED003931C5 /* WeiXinActivity.swift in Sources */,
				14CF044C1FCD0A7B0035BBC4 /* TUNetworkModelExtension.swift in Sources */,
				14D6FEAB1E9E0FFC0038C7D1 /* MLHomePageAlbumCell.swift in Sources */,
				1447AF421FCC17E200D9D514 /* MLHomeViewModel.swift in Sources */,
				14F53D761EA4604800FBF649 /* GMBScrollAdView.m in Sources */,
				14C1DA121ECE930500517155 /* MLMineFavoriteController.swift in Sources */,
				14D6FEB01E9E0FFC0038C7D1 /* MLTopicCommentCellLayout.swift in Sources */,
				14C1DA161ECE98AC00517155 /* MLMineCommentController.swift in Sources */,
				144B6A0D1EA451A70000BB1B /* TZTestCell.swift in Sources */,
				14D6FEC31E9E0FFC0038C7D1 /* MLUserFansController.swift in Sources */,
				14D6FE851E9E0FFC0038C7D1 /* HUDExt.swift in Sources */,
				1417A9DA1EA72DED003931C5 /* QQShareDelegate.swift in Sources */,
				1471CB271EAEF28900226C56 /* XHCustomSegue.swift in Sources */,
				14D6FF0A1E9F4F230038C7D1 /* JokeHelper.swift in Sources */,
				143AA8F01F989E1300E05D0F /* TUSearchBar.swift in Sources */,
				1447AF3F1FCC163E00D9D514 /* APIManager.swift in Sources */,
				14D6FF081E9F4AB20038C7D1 /* MLDiscoverTagModel.swift in Sources */,
				14D6FE9A1E9E0FFC0038C7D1 /* MLHomeFavoriteRequest.swift in Sources */,
				14F53D8D1EA4639B00FBF649 /* NSDateFormatter+Category.m in Sources */,
				14D6FEA01E9E0FFC0038C7D1 /* MLPostTopicRequest.swift in Sources */,
				14D6FEAC1E9E0FFC0038C7D1 /* MLHomePageCell.swift in Sources */,
				14D6FEBA1E9E0FFC0038C7D1 /* MLHomeDetailController.swift in Sources */,
				14D6FF021E9F174E0038C7D1 /* MLHomePageModel.swift in Sources */,
				14D6FEA61E9E0FFC0038C7D1 /* BaseWebViewController.swift in Sources */,
				14D6FEFB1E9E51230038C7D1 /* MLHomeDetailModel.swift in Sources */,
				14D6FE911E9E0FFC0038C7D1 /* MLUserRequest.swift in Sources */,
				14F53D821EA4615F00FBF649 /* IBDesignableOnePixelConstant.m in Sources */,
				14D6FEFD1E9E51940038C7D1 /* MLUserModel.swift in Sources */,
				14D6FEB11E9E0FFC0038C7D1 /* MLUserFansCell.swift in Sources */,
				14D6FEF01E9E17B70038C7D1 /* KeychainTool.swift in Sources */,
			);
			runOnlyForDeploymentPostprocessing = 0;
		};
/* End PBXSourcesBuildPhase section */

/* Begin PBXVariantGroup section */
		14BC8ED61EB304F700933E85 /* infoPlist.strings */ = {
			isa = PBXVariantGroup;
			children = (
				14BC8ED51EB304F700933E85 /* Base */,
				14BC8ED71EB304F900933E85 /* en */,
			);
			name = infoPlist.strings;
			sourceTree = "<group>";
		};
		14D6FE131E9E0DEE0038C7D1 /* Main.storyboard */ = {
			isa = PBXVariantGroup;
			children = (
				14D6FE141E9E0DEE0038C7D1 /* Base */,
			);
			name = Main.storyboard;
			path = ..;
			sourceTree = "<group>";
		};
		14D6FE181E9E0DEE0038C7D1 /* LaunchScreen.storyboard */ = {
			isa = PBXVariantGroup;
			children = (
				14D6FE191E9E0DEE0038C7D1 /* Base */,
			);
			name = LaunchScreen.storyboard;
			path = ..;
			sourceTree = "<group>";
		};
/* End PBXVariantGroup section */

/* Begin XCBuildConfiguration section */
		14D6FE1C1E9E0DEE0038C7D1 /* Debug */ = {
			isa = XCBuildConfiguration;
			buildSettings = {
				ALWAYS_SEARCH_USER_PATHS = NO;
				CLANG_ANALYZER_NONNULL = YES;
				CLANG_ANALYZER_NUMBER_OBJECT_CONVERSION = YES_AGGRESSIVE;
				CLANG_CXX_LANGUAGE_STANDARD = "gnu++0x";
				CLANG_CXX_LIBRARY = "libc++";
				CLANG_ENABLE_MODULES = YES;
				CLANG_ENABLE_OBJC_ARC = YES;
				CLANG_WARN_BLOCK_CAPTURE_AUTORELEASING = YES;
				CLANG_WARN_BOOL_CONVERSION = YES;
				CLANG_WARN_COMMA = YES;
				CLANG_WARN_CONSTANT_CONVERSION = YES;
				CLANG_WARN_DIRECT_OBJC_ISA_USAGE = YES_ERROR;
				CLANG_WARN_DOCUMENTATION_COMMENTS = YES;
				CLANG_WARN_EMPTY_BODY = YES;
				CLANG_WARN_ENUM_CONVERSION = YES;
				CLANG_WARN_INFINITE_RECURSION = YES;
				CLANG_WARN_INT_CONVERSION = YES;
				CLANG_WARN_NON_LITERAL_NULL_CONVERSION = YES;
				CLANG_WARN_OBJC_LITERAL_CONVERSION = YES;
				CLANG_WARN_OBJC_ROOT_CLASS = YES_ERROR;
				CLANG_WARN_RANGE_LOOP_ANALYSIS = YES;
				CLANG_WARN_STRICT_PROTOTYPES = YES;
				CLANG_WARN_SUSPICIOUS_MOVE = YES;
				CLANG_WARN_UNREACHABLE_CODE = YES;
				CLANG_WARN__DUPLICATE_METHOD_MATCH = YES;
				"CODE_SIGN_IDENTITY[sdk=iphoneos*]" = "iPhone Developer";
				COPY_PHASE_STRIP = NO;
				DEBUG_INFORMATION_FORMAT = dwarf;
				ENABLE_STRICT_OBJC_MSGSEND = YES;
				ENABLE_TESTABILITY = YES;
				GCC_C_LANGUAGE_STANDARD = gnu99;
				GCC_DYNAMIC_NO_PIC = NO;
				GCC_NO_COMMON_BLOCKS = YES;
				GCC_OPTIMIZATION_LEVEL = 0;
				GCC_PREPROCESSOR_DEFINITIONS = (
					"DEBUG=1",
					"$(inherited)",
				);
				GCC_WARN_64_TO_32_BIT_CONVERSION = YES;
				GCC_WARN_ABOUT_RETURN_TYPE = YES_ERROR;
				GCC_WARN_UNDECLARED_SELECTOR = YES;
				GCC_WARN_UNINITIALIZED_AUTOS = YES_AGGRESSIVE;
				GCC_WARN_UNUSED_FUNCTION = YES;
				GCC_WARN_UNUSED_VARIABLE = YES;
				IPHONEOS_DEPLOYMENT_TARGET = 8.0;
				MTL_ENABLE_DEBUG_INFO = YES;
				ONLY_ACTIVE_ARCH = YES;
				SDKROOT = iphoneos;
				SWIFT_ACTIVE_COMPILATION_CONDITIONS = DEBUG;
				SWIFT_OPTIMIZATION_LEVEL = "-Onone";
				TARGETED_DEVICE_FAMILY = "1,2";
			};
			name = Debug;
		};
		14D6FE1D1E9E0DEE0038C7D1 /* Release */ = {
			isa = XCBuildConfiguration;
			buildSettings = {
				ALWAYS_SEARCH_USER_PATHS = NO;
				CLANG_ANALYZER_NONNULL = YES;
				CLANG_ANALYZER_NUMBER_OBJECT_CONVERSION = YES_AGGRESSIVE;
				CLANG_CXX_LANGUAGE_STANDARD = "gnu++0x";
				CLANG_CXX_LIBRARY = "libc++";
				CLANG_ENABLE_MODULES = YES;
				CLANG_ENABLE_OBJC_ARC = YES;
				CLANG_WARN_BLOCK_CAPTURE_AUTORELEASING = YES;
				CLANG_WARN_BOOL_CONVERSION = YES;
				CLANG_WARN_COMMA = YES;
				CLANG_WARN_CONSTANT_CONVERSION = YES;
				CLANG_WARN_DIRECT_OBJC_ISA_USAGE = YES_ERROR;
				CLANG_WARN_DOCUMENTATION_COMMENTS = YES;
				CLANG_WARN_EMPTY_BODY = YES;
				CLANG_WARN_ENUM_CONVERSION = YES;
				CLANG_WARN_INFINITE_RECURSION = YES;
				CLANG_WARN_INT_CONVERSION = YES;
				CLANG_WARN_NON_LITERAL_NULL_CONVERSION = YES;
				CLANG_WARN_OBJC_LITERAL_CONVERSION = YES;
				CLANG_WARN_OBJC_ROOT_CLASS = YES_ERROR;
				CLANG_WARN_RANGE_LOOP_ANALYSIS = YES;
				CLANG_WARN_STRICT_PROTOTYPES = YES;
				CLANG_WARN_SUSPICIOUS_MOVE = YES;
				CLANG_WARN_UNREACHABLE_CODE = YES;
				CLANG_WARN__DUPLICATE_METHOD_MATCH = YES;
				"CODE_SIGN_IDENTITY[sdk=iphoneos*]" = "iPhone Developer";
				COPY_PHASE_STRIP = NO;
				DEBUG_INFORMATION_FORMAT = "dwarf-with-dsym";
				ENABLE_NS_ASSERTIONS = NO;
				ENABLE_STRICT_OBJC_MSGSEND = YES;
				GCC_C_LANGUAGE_STANDARD = gnu99;
				GCC_NO_COMMON_BLOCKS = YES;
				GCC_WARN_64_TO_32_BIT_CONVERSION = YES;
				GCC_WARN_ABOUT_RETURN_TYPE = YES_ERROR;
				GCC_WARN_UNDECLARED_SELECTOR = YES;
				GCC_WARN_UNINITIALIZED_AUTOS = YES_AGGRESSIVE;
				GCC_WARN_UNUSED_FUNCTION = YES;
				GCC_WARN_UNUSED_VARIABLE = YES;
				IPHONEOS_DEPLOYMENT_TARGET = 8.0;
				MTL_ENABLE_DEBUG_INFO = NO;
				SDKROOT = iphoneos;
				SWIFT_OPTIMIZATION_LEVEL = "-Owholemodule";
				TARGETED_DEVICE_FAMILY = "1,2";
				VALIDATE_PRODUCT = YES;
			};
			name = Release;
		};
		14D6FE1F1E9E0DEE0038C7D1 /* Debug */ = {
			isa = XCBuildConfiguration;
			baseConfigurationReference = C89BFF490CCE9425BCE28A15 /* Pods-MissGe.debug.xcconfig */;
			buildSettings = {
				ASSETCATALOG_COMPILER_APPICON_NAME = AppIcon;
				CLANG_ENABLE_MODULES = YES;
				DEVELOPMENT_TEAM = 23ZQ26R8J4;
				FRAMEWORK_SEARCH_PATHS = (
					"$(inherited)",
					"$(PROJECT_DIR)/MissGe/Share/QQ",
				);
				INFOPLIST_FILE = MissGe/Info.plist;
				IPHONEOS_DEPLOYMENT_TARGET = 8.0;
				LD_RUNPATH_SEARCH_PATHS = "$(inherited) @executable_path/Frameworks";
				LIBRARY_SEARCH_PATHS = (
					"$(inherited)",
					"$(PROJECT_DIR)/MissGe/Share/WeiBo/libWeiboSDK",
					"$(PROJECT_DIR)/MissGe/Share/WeiXin/OpenSDK1.7.1",
				);
				PRODUCT_BUNDLE_IDENTIFIER = com.itwu.MissGe;
				PRODUCT_NAME = "$(TARGET_NAME)";
				SWIFT_OBJC_BRIDGING_HEADER = "MissGe/MissGe-Bridging-Header.h";
				SWIFT_OPTIMIZATION_LEVEL = "-Onone";
				SWIFT_VERSION = 4.0;
			};
			name = Debug;
		};
		14D6FE201E9E0DEE0038C7D1 /* Release */ = {
			isa = XCBuildConfiguration;
			baseConfigurationReference = A6443ABEE646BF31F754A860 /* Pods-MissGe.release.xcconfig */;
			buildSettings = {
				ASSETCATALOG_COMPILER_APPICON_NAME = AppIcon;
				CLANG_ENABLE_MODULES = YES;
				DEVELOPMENT_TEAM = 23ZQ26R8J4;
				FRAMEWORK_SEARCH_PATHS = (
					"$(inherited)",
					"$(PROJECT_DIR)/MissGe/Share/QQ",
				);
				INFOPLIST_FILE = MissGe/Info.plist;
				IPHONEOS_DEPLOYMENT_TARGET = 8.0;
				LD_RUNPATH_SEARCH_PATHS = "$(inherited) @executable_path/Frameworks";
				LIBRARY_SEARCH_PATHS = (
					"$(inherited)",
					"$(PROJECT_DIR)/MissGe/Share/WeiBo/libWeiboSDK",
					"$(PROJECT_DIR)/MissGe/Share/WeiXin/OpenSDK1.7.1",
				);
				PRODUCT_BUNDLE_IDENTIFIER = com.itwu.MissGe;
				PRODUCT_NAME = "$(TARGET_NAME)";
				SWIFT_OBJC_BRIDGING_HEADER = "MissGe/MissGe-Bridging-Header.h";
				SWIFT_VERSION = 4.0;
			};
			name = Release;
		};
/* End XCBuildConfiguration section */

/* Begin XCConfigurationList section */
		14D6FE071E9E0DEE0038C7D1 /* Build configuration list for PBXProject "MissGe" */ = {
			isa = XCConfigurationList;
			buildConfigurations = (
				14D6FE1C1E9E0DEE0038C7D1 /* Debug */,
				14D6FE1D1E9E0DEE0038C7D1 /* Release */,
			);
			defaultConfigurationIsVisible = 0;
			defaultConfigurationName = Release;
		};
		14D6FE1E1E9E0DEE0038C7D1 /* Build configuration list for PBXNativeTarget "MissGe" */ = {
			isa = XCConfigurationList;
			buildConfigurations = (
				14D6FE1F1E9E0DEE0038C7D1 /* Debug */,
				14D6FE201E9E0DEE0038C7D1 /* Release */,
			);
			defaultConfigurationIsVisible = 0;
			defaultConfigurationName = Release;
		};
/* End XCConfigurationList section */
	};
	rootObject = 14D6FE041E9E0DEE0038C7D1 /* Project object */;
}
